// !$*UTF8*$!
{
	archiveVersion = 1;
	classes = {
	};
	objectVersion = 46;
	objects = {

/* Begin PBXBuildFile section */
		1D4CD2001766B1FC0063E53F /* KNRtp.m in Sources */ = {isa = PBXBuildFile; fileRef = 1D4CD1FF1766B1FC0063E53F /* KNRtp.m */; };
		1DC46D8317A3EE2400FEBDFE /* libavcodec.a in Frameworks */ = {isa = PBXBuildFile; fileRef = 1DC46D7317A3EE2400FEBDFE /* libavcodec.a */; };
		1DC46D8417A3EE2400FEBDFE /* libavdevice.a in Frameworks */ = {isa = PBXBuildFile; fileRef = 1DC46D7417A3EE2400FEBDFE /* libavdevice.a */; };
		1DC46D8517A3EE2400FEBDFE /* libavfilter.a in Frameworks */ = {isa = PBXBuildFile; fileRef = 1DC46D7517A3EE2400FEBDFE /* libavfilter.a */; };
		1DC46D8617A3EE2400FEBDFE /* libavformat.a in Frameworks */ = {isa = PBXBuildFile; fileRef = 1DC46D7617A3EE2400FEBDFE /* libavformat.a */; };
		1DC46D8717A3EE2400FEBDFE /* libavutil.a in Frameworks */ = {isa = PBXBuildFile; fileRef = 1DC46D7717A3EE2400FEBDFE /* libavutil.a */; };
		1DC46D8817A3EE2400FEBDFE /* libogg.a in Frameworks */ = {isa = PBXBuildFile; fileRef = 1DC46D7817A3EE2400FEBDFE /* libogg.a */; };
		1DC46D8917A3EE2400FEBDFE /* libspeex.a in Frameworks */ = {isa = PBXBuildFile; fileRef = 1DC46D7917A3EE2400FEBDFE /* libspeex.a */; };
		1DC46D8A17A3EE2400FEBDFE /* libspeexdsp.a in Frameworks */ = {isa = PBXBuildFile; fileRef = 1DC46D7A17A3EE2400FEBDFE /* libspeexdsp.a */; };
		1DC46D8B17A3EE2400FEBDFE /* libswresample.a in Frameworks */ = {isa = PBXBuildFile; fileRef = 1DC46D7B17A3EE2400FEBDFE /* libswresample.a */; };
		1DC46D8C17A3EE2400FEBDFE /* libswscale.a in Frameworks */ = {isa = PBXBuildFile; fileRef = 1DC46D7C17A3EE2400FEBDFE /* libswscale.a */; };
		1DC46D8D17A3EE2400FEBDFE /* libtheora.a in Frameworks */ = {isa = PBXBuildFile; fileRef = 1DC46D7D17A3EE2400FEBDFE /* libtheora.a */; };
		1DC46D8E17A3EE2400FEBDFE /* libtheoradec.a in Frameworks */ = {isa = PBXBuildFile; fileRef = 1DC46D7E17A3EE2400FEBDFE /* libtheoradec.a */; };
		1DC46D8F17A3EE2400FEBDFE /* libtheoraenc.a in Frameworks */ = {isa = PBXBuildFile; fileRef = 1DC46D7F17A3EE2400FEBDFE /* libtheoraenc.a */; };
		1DC46D9017A3EE2400FEBDFE /* libvpx.a in Frameworks */ = {isa = PBXBuildFile; fileRef = 1DC46D8017A3EE2400FEBDFE /* libvpx.a */; };
		1DC46D9117A3EE2400FEBDFE /* libx264.a in Frameworks */ = {isa = PBXBuildFile; fileRef = 1DC46D8117A3EE2400FEBDFE /* libx264.a */; };
		1DC46D9217A3EE2400FEBDFE /* libyuv.a in Frameworks */ = {isa = PBXBuildFile; fileRef = 1DC46D8217A3EE2400FEBDFE /* libyuv.a */; };
		1DDA6CE21761F701006A8FDD /* KNX264Encoder.m in Sources */ = {isa = PBXBuildFile; fileRef = 1DDA6CE11761F701006A8FDD /* KNX264Encoder.m */; };
		1DFF390217A3F0A700AEAA41 /* KNVP8Encoder.m in Sources */ = {isa = PBXBuildFile; fileRef = 1DFF390117A3F0A700AEAA41 /* KNVP8Encoder.m */; };
		1DFF390517A3FD6B00AEAA41 /* MediaManager2.m in Sources */ = {isa = PBXBuildFile; fileRef = 1DFF390417A3FD6B00AEAA41 /* MediaManager2.m */; };
		1DFF390817A3FDE500AEAA41 /* MediaVideoParam.m in Sources */ = {isa = PBXBuildFile; fileRef = 1DFF390717A3FDE500AEAA41 /* MediaVideoParam.m */; };
		1DFF392117A4408700AEAA41 /* KNVP8Decoder.m in Sources */ = {isa = PBXBuildFile; fileRef = 1DFF392017A4408600AEAA41 /* KNVP8Decoder.m */; };
		BE1E123917585691009BAE3A /* Foundation.framework in Frameworks */ = {isa = PBXBuildFile; fileRef = BE1E123817585691009BAE3A /* Foundation.framework */; };
		BE1E123E17585691009BAE3A /* MediaManager.h in CopyFiles */ = {isa = PBXBuildFile; fileRef = BE1E123D17585691009BAE3A /* MediaManager.h */; };
		BE1E124017585691009BAE3A /* MediaManager.m in Sources */ = {isa = PBXBuildFile; fileRef = BE1E123F17585691009BAE3A /* MediaManager.m */; };
		BE1E1249175856D3009BAE3A /* CoreAudio.framework in Frameworks */ = {isa = PBXBuildFile; fileRef = BE1E1246175856D3009BAE3A /* CoreAudio.framework */; };
		BE1E124A175856D3009BAE3A /* CoreMedia.framework in Frameworks */ = {isa = PBXBuildFile; fileRef = BE1E1247175856D3009BAE3A /* CoreMedia.framework */; };
		BE1E124B175856D3009BAE3A /* CoreVideo.framework in Frameworks */ = {isa = PBXBuildFile; fileRef = BE1E1248175856D3009BAE3A /* CoreVideo.framework */; };
		BE1E124D175856DD009BAE3A /* AudioToolbox.framework in Frameworks */ = {isa = PBXBuildFile; fileRef = BE1E124C175856DD009BAE3A /* AudioToolbox.framework */; };
		BE1E124F175856E0009BAE3A /* AVFoundation.framework in Frameworks */ = {isa = PBXBuildFile; fileRef = BE1E124E175856E0009BAE3A /* AVFoundation.framework */; };
		BE1E1251175856E5009BAE3A /* OpenGLES.framework in Frameworks */ = {isa = PBXBuildFile; fileRef = BE1E1250175856E5009BAE3A /* OpenGLES.framework */; };
		BE1E1253175856EE009BAE3A /* libresolv.dylib in Frameworks */ = {isa = PBXBuildFile; fileRef = BE1E1252175856EE009BAE3A /* libresolv.dylib */; };
		BE1E1255175856F3009BAE3A /* libz.1.1.3.dylib in Frameworks */ = {isa = PBXBuildFile; fileRef = BE1E1254175856F3009BAE3A /* libz.1.1.3.dylib */; };
		BE1E12FB17585967009BAE3A /* CoreGraphics.framework in Frameworks */ = {isa = PBXBuildFile; fileRef = BE1E12FA17585966009BAE3A /* CoreGraphics.framework */; };
		BE1E12FD1758596C009BAE3A /* UIKit.framework in Frameworks */ = {isa = PBXBuildFile; fileRef = BE1E12FC1758596C009BAE3A /* UIKit.framework */; };
		BE1E12FE1758663C009BAE3A /* KNAudioManager.m in Sources */ = {isa = PBXBuildFile; fileRef = BE1E125917585724009BAE3A /* KNAudioManager.m */; };
		BE1E12FF1758663C009BAE3A /* KNFFmpegDecoder.m in Sources */ = {isa = PBXBuildFile; fileRef = BE1E125C17585724009BAE3A /* KNFFmpegDecoder.m */; };
		BE1E13001758663C009BAE3A /* KNFFMpegX264Encoder.m in Sources */ = {isa = PBXBuildFile; fileRef = BE1E125E17585724009BAE3A /* KNFFMpegX264Encoder.m */; };
		BE1E13021758663C009BAE3A /* KNSpeexCodec.m in Sources */ = {isa = PBXBuildFile; fileRef = BE1E126217585724009BAE3A /* KNSpeexCodec.m */; };
		BE1E13031758663C009BAE3A /* KNAudioRingQueue.m in Sources */ = {isa = PBXBuildFile; fileRef = BE1E126517585724009BAE3A /* KNAudioRingQueue.m */; };
		BE1E13061758663C009BAE3A /* iOSGLView.mm in Sources */ = {isa = PBXBuildFile; fileRef = BE1E126C17585724009BAE3A /* iOSGLView.mm */; };
		BE1E13071758663C009BAE3A /* KNGLView.m in Sources */ = {isa = PBXBuildFile; fileRef = BE1E126E17585724009BAE3A /* KNGLView.m */; };
		BE1E13081758663C009BAE3A /* KNImageConvert.m in Sources */ = {isa = PBXBuildFile; fileRef = BE1E127017585724009BAE3A /* KNImageConvert.m */; };
		BE1E13091758663C009BAE3A /* KNVideoManager.m in Sources */ = {isa = PBXBuildFile; fileRef = BE1E127217585724009BAE3A /* KNVideoManager.m */; };
		BE1E135817586CDB009BAE3A /* Accelerate.framework in Frameworks */ = {isa = PBXBuildFile; fileRef = BE1E135717586CDB009BAE3A /* Accelerate.framework */; };
		BE1E135A17586CE0009BAE3A /* CoreImage.framework in Frameworks */ = {isa = PBXBuildFile; fileRef = BE1E135917586CE0009BAE3A /* CoreImage.framework */; };
		BE1E136B17586D03009BAE3A /* libstdc++.6.0.9.dylib in Frameworks */ = {isa = PBXBuildFile; fileRef = BE1E136A17586D03009BAE3A /* libstdc++.6.0.9.dylib */; };
		BE1E136D17586D51009BAE3A /* QuartzCore.framework in Frameworks */ = {isa = PBXBuildFile; fileRef = BE1E136C17586D51009BAE3A /* QuartzCore.framework */; };
/* End PBXBuildFile section */

/* Begin PBXCopyFilesBuildPhase section */
		BE1E123317585691009BAE3A /* CopyFiles */ = {
			isa = PBXCopyFilesBuildPhase;
			buildActionMask = 2147483647;
			dstPath = "include/${PRODUCT_NAME}";
			dstSubfolderSpec = 16;
			files = (
				BE1E123E17585691009BAE3A /* MediaManager.h in CopyFiles */,
			);
			runOnlyForDeploymentPostprocessing = 0;
		};
/* End PBXCopyFilesBuildPhase section */

/* Begin PBXFileReference section */
		1D4CD1FE1766B1FC0063E53F /* KNRtp.h */ = {isa = PBXFileReference; fileEncoding = 4; lastKnownFileType = sourcecode.c.h; path = KNRtp.h; sourceTree = "<group>"; };
		1D4CD1FF1766B1FC0063E53F /* KNRtp.m */ = {isa = PBXFileReference; fileEncoding = 4; lastKnownFileType = sourcecode.c.objc; path = KNRtp.m; sourceTree = "<group>"; };
		1D4CD2011766C4B80063E53F /* Global.h */ = {isa = PBXFileReference; lastKnownFileType = sourcecode.c.h; path = Global.h; sourceTree = "<group>"; };
		1DC46CEE17A3EE2400FEBDFE /* avcodec.h */ = {isa = PBXFileReference; fileEncoding = 4; lastKnownFileType = sourcecode.c.h; path = avcodec.h; sourceTree = "<group>"; };
		1DC46CEF17A3EE2400FEBDFE /* avfft.h */ = {isa = PBXFileReference; fileEncoding = 4; lastKnownFileType = sourcecode.c.h; path = avfft.h; sourceTree = "<group>"; };
		1DC46CF017A3EE2400FEBDFE /* dxva2.h */ = {isa = PBXFileReference; fileEncoding = 4; lastKnownFileType = sourcecode.c.h; path = dxva2.h; sourceTree = "<group>"; };
		1DC46CF117A3EE2400FEBDFE /* old_codec_ids.h */ = {isa = PBXFileReference; fileEncoding = 4; lastKnownFileType = sourcecode.c.h; path = old_codec_ids.h; sourceTree = "<group>"; };
		1DC46CF217A3EE2400FEBDFE /* opt.h */ = {isa = PBXFileReference; fileEncoding = 4; lastKnownFileType = sourcecode.c.h; path = opt.h; sourceTree = "<group>"; };
		1DC46CF317A3EE2400FEBDFE /* vaapi.h */ = {isa = PBXFileReference; fileEncoding = 4; lastKnownFileType = sourcecode.c.h; path = vaapi.h; sourceTree = "<group>"; };
		1DC46CF417A3EE2400FEBDFE /* vda.h */ = {isa = PBXFileReference; fileEncoding = 4; lastKnownFileType = sourcecode.c.h; path = vda.h; sourceTree = "<group>"; };
		1DC46CF517A3EE2400FEBDFE /* vdpau.h */ = {isa = PBXFileReference; fileEncoding = 4; lastKnownFileType = sourcecode.c.h; path = vdpau.h; sourceTree = "<group>"; };
		1DC46CF617A3EE2400FEBDFE /* version.h */ = {isa = PBXFileReference; fileEncoding = 4; lastKnownFileType = sourcecode.c.h; path = version.h; sourceTree = "<group>"; };
		1DC46CF717A3EE2400FEBDFE /* xvmc.h */ = {isa = PBXFileReference; fileEncoding = 4; lastKnownFileType = sourcecode.c.h; path = xvmc.h; sourceTree = "<group>"; };
		1DC46CF917A3EE2400FEBDFE /* avdevice.h */ = {isa = PBXFileReference; fileEncoding = 4; lastKnownFileType = sourcecode.c.h; path = avdevice.h; sourceTree = "<group>"; };
		1DC46CFA17A3EE2400FEBDFE /* version.h */ = {isa = PBXFileReference; fileEncoding = 4; lastKnownFileType = sourcecode.c.h; path = version.h; sourceTree = "<group>"; };
		1DC46CFC17A3EE2400FEBDFE /* asrc_abuffer.h */ = {isa = PBXFileReference; fileEncoding = 4; lastKnownFileType = sourcecode.c.h; path = asrc_abuffer.h; sourceTree = "<group>"; };
		1DC46CFD17A3EE2400FEBDFE /* avcodec.h */ = {isa = PBXFileReference; fileEncoding = 4; lastKnownFileType = sourcecode.c.h; path = avcodec.h; sourceTree = "<group>"; };
		1DC46CFE17A3EE2400FEBDFE /* avfilter.h */ = {isa = PBXFileReference; fileEncoding = 4; lastKnownFileType = sourcecode.c.h; path = avfilter.h; sourceTree = "<group>"; };
		1DC46CFF17A3EE2400FEBDFE /* avfiltergraph.h */ = {isa = PBXFileReference; fileEncoding = 4; lastKnownFileType = sourcecode.c.h; path = avfiltergraph.h; sourceTree = "<group>"; };
		1DC46D0017A3EE2400FEBDFE /* buffersink.h */ = {isa = PBXFileReference; fileEncoding = 4; lastKnownFileType = sourcecode.c.h; path = buffersink.h; sourceTree = "<group>"; };
		1DC46D0117A3EE2400FEBDFE /* buffersrc.h */ = {isa = PBXFileReference; fileEncoding = 4; lastKnownFileType = sourcecode.c.h; path = buffersrc.h; sourceTree = "<group>"; };
		1DC46D0217A3EE2400FEBDFE /* version.h */ = {isa = PBXFileReference; fileEncoding = 4; lastKnownFileType = sourcecode.c.h; path = version.h; sourceTree = "<group>"; };
		1DC46D0417A3EE2400FEBDFE /* avformat.h */ = {isa = PBXFileReference; fileEncoding = 4; lastKnownFileType = sourcecode.c.h; path = avformat.h; sourceTree = "<group>"; };
		1DC46D0517A3EE2400FEBDFE /* avio.h */ = {isa = PBXFileReference; fileEncoding = 4; lastKnownFileType = sourcecode.c.h; path = avio.h; sourceTree = "<group>"; };
		1DC46D0617A3EE2400FEBDFE /* version.h */ = {isa = PBXFileReference; fileEncoding = 4; lastKnownFileType = sourcecode.c.h; path = version.h; sourceTree = "<group>"; };
		1DC46D0817A3EE2400FEBDFE /* adler32.h */ = {isa = PBXFileReference; fileEncoding = 4; lastKnownFileType = sourcecode.c.h; path = adler32.h; sourceTree = "<group>"; };
		1DC46D0917A3EE2400FEBDFE /* aes.h */ = {isa = PBXFileReference; fileEncoding = 4; lastKnownFileType = sourcecode.c.h; path = aes.h; sourceTree = "<group>"; };
		1DC46D0A17A3EE2400FEBDFE /* attributes.h */ = {isa = PBXFileReference; fileEncoding = 4; lastKnownFileType = sourcecode.c.h; path = attributes.h; sourceTree = "<group>"; };
		1DC46D0B17A3EE2400FEBDFE /* audio_fifo.h */ = {isa = PBXFileReference; fileEncoding = 4; lastKnownFileType = sourcecode.c.h; path = audio_fifo.h; sourceTree = "<group>"; };
		1DC46D0C17A3EE2400FEBDFE /* audioconvert.h */ = {isa = PBXFileReference; fileEncoding = 4; lastKnownFileType = sourcecode.c.h; path = audioconvert.h; sourceTree = "<group>"; };
		1DC46D0D17A3EE2400FEBDFE /* avassert.h */ = {isa = PBXFileReference; fileEncoding = 4; lastKnownFileType = sourcecode.c.h; path = avassert.h; sourceTree = "<group>"; };
		1DC46D0E17A3EE2400FEBDFE /* avconfig.h */ = {isa = PBXFileReference; fileEncoding = 4; lastKnownFileType = sourcecode.c.h; path = avconfig.h; sourceTree = "<group>"; };
		1DC46D0F17A3EE2400FEBDFE /* avstring.h */ = {isa = PBXFileReference; fileEncoding = 4; lastKnownFileType = sourcecode.c.h; path = avstring.h; sourceTree = "<group>"; };
		1DC46D1017A3EE2400FEBDFE /* avutil.h */ = {isa = PBXFileReference; fileEncoding = 4; lastKnownFileType = sourcecode.c.h; path = avutil.h; sourceTree = "<group>"; };
		1DC46D1117A3EE2400FEBDFE /* base64.h */ = {isa = PBXFileReference; fileEncoding = 4; lastKnownFileType = sourcecode.c.h; path = base64.h; sourceTree = "<group>"; };
		1DC46D1217A3EE2400FEBDFE /* blowfish.h */ = {isa = PBXFileReference; fileEncoding = 4; lastKnownFileType = sourcecode.c.h; path = blowfish.h; sourceTree = "<group>"; };
		1DC46D1317A3EE2400FEBDFE /* bprint.h */ = {isa = PBXFileReference; fileEncoding = 4; lastKnownFileType = sourcecode.c.h; path = bprint.h; sourceTree = "<group>"; };
		1DC46D1417A3EE2400FEBDFE /* bswap.h */ = {isa = PBXFileReference; fileEncoding = 4; lastKnownFileType = sourcecode.c.h; path = bswap.h; sourceTree = "<group>"; };
		1DC46D1517A3EE2400FEBDFE /* common.h */ = {isa = PBXFileReference; fileEncoding = 4; lastKnownFileType = sourcecode.c.h; path = common.h; sourceTree = "<group>"; };
		1DC46D1617A3EE2400FEBDFE /* cpu.h */ = {isa = PBXFileReference; fileEncoding = 4; lastKnownFileType = sourcecode.c.h; path = cpu.h; sourceTree = "<group>"; };
		1DC46D1717A3EE2400FEBDFE /* crc.h */ = {isa = PBXFileReference; fileEncoding = 4; lastKnownFileType = sourcecode.c.h; path = crc.h; sourceTree = "<group>"; };
		1DC46D1817A3EE2400FEBDFE /* dict.h */ = {isa = PBXFileReference; fileEncoding = 4; lastKnownFileType = sourcecode.c.h; path = dict.h; sourceTree = "<group>"; };
		1DC46D1917A3EE2400FEBDFE /* error.h */ = {isa = PBXFileReference; fileEncoding = 4; lastKnownFileType = sourcecode.c.h; path = error.h; sourceTree = "<group>"; };
		1DC46D1A17A3EE2400FEBDFE /* eval.h */ = {isa = PBXFileReference; fileEncoding = 4; lastKnownFileType = sourcecode.c.h; path = eval.h; sourceTree = "<group>"; };
		1DC46D1B17A3EE2400FEBDFE /* fifo.h */ = {isa = PBXFileReference; fileEncoding = 4; lastKnownFileType = sourcecode.c.h; path = fifo.h; sourceTree = "<group>"; };
		1DC46D1C17A3EE2400FEBDFE /* file.h */ = {isa = PBXFileReference; fileEncoding = 4; lastKnownFileType = sourcecode.c.h; path = file.h; sourceTree = "<group>"; };
		1DC46D1D17A3EE2400FEBDFE /* imgutils.h */ = {isa = PBXFileReference; fileEncoding = 4; lastKnownFileType = sourcecode.c.h; path = imgutils.h; sourceTree = "<group>"; };
		1DC46D1E17A3EE2400FEBDFE /* intfloat.h */ = {isa = PBXFileReference; fileEncoding = 4; lastKnownFileType = sourcecode.c.h; path = intfloat.h; sourceTree = "<group>"; };
		1DC46D1F17A3EE2400FEBDFE /* intfloat_readwrite.h */ = {isa = PBXFileReference; fileEncoding = 4; lastKnownFileType = sourcecode.c.h; path = intfloat_readwrite.h; sourceTree = "<group>"; };
		1DC46D2017A3EE2400FEBDFE /* intreadwrite.h */ = {isa = PBXFileReference; fileEncoding = 4; lastKnownFileType = sourcecode.c.h; path = intreadwrite.h; sourceTree = "<group>"; };
		1DC46D2117A3EE2400FEBDFE /* lfg.h */ = {isa = PBXFileReference; fileEncoding = 4; lastKnownFileType = sourcecode.c.h; path = lfg.h; sourceTree = "<group>"; };
		1DC46D2217A3EE2400FEBDFE /* log.h */ = {isa = PBXFileReference; fileEncoding = 4; lastKnownFileType = sourcecode.c.h; path = log.h; sourceTree = "<group>"; };
		1DC46D2317A3EE2400FEBDFE /* lzo.h */ = {isa = PBXFileReference; fileEncoding = 4; lastKnownFileType = sourcecode.c.h; path = lzo.h; sourceTree = "<group>"; };
		1DC46D2417A3EE2400FEBDFE /* mathematics.h */ = {isa = PBXFileReference; fileEncoding = 4; lastKnownFileType = sourcecode.c.h; path = mathematics.h; sourceTree = "<group>"; };
		1DC46D2517A3EE2400FEBDFE /* md5.h */ = {isa = PBXFileReference; fileEncoding = 4; lastKnownFileType = sourcecode.c.h; path = md5.h; sourceTree = "<group>"; };
		1DC46D2617A3EE2400FEBDFE /* mem.h */ = {isa = PBXFileReference; fileEncoding = 4; lastKnownFileType = sourcecode.c.h; path = mem.h; sourceTree = "<group>"; };
		1DC46D2717A3EE2400FEBDFE /* opt.h */ = {isa = PBXFileReference; fileEncoding = 4; lastKnownFileType = sourcecode.c.h; path = opt.h; sourceTree = "<group>"; };
		1DC46D2817A3EE2400FEBDFE /* parseutils.h */ = {isa = PBXFileReference; fileEncoding = 4; lastKnownFileType = sourcecode.c.h; path = parseutils.h; sourceTree = "<group>"; };
		1DC46D2917A3EE2400FEBDFE /* pixdesc.h */ = {isa = PBXFileReference; fileEncoding = 4; lastKnownFileType = sourcecode.c.h; path = pixdesc.h; sourceTree = "<group>"; };
		1DC46D2A17A3EE2400FEBDFE /* pixfmt.h */ = {isa = PBXFileReference; fileEncoding = 4; lastKnownFileType = sourcecode.c.h; path = pixfmt.h; sourceTree = "<group>"; };
		1DC46D2B17A3EE2400FEBDFE /* random_seed.h */ = {isa = PBXFileReference; fileEncoding = 4; lastKnownFileType = sourcecode.c.h; path = random_seed.h; sourceTree = "<group>"; };
		1DC46D2C17A3EE2400FEBDFE /* rational.h */ = {isa = PBXFileReference; fileEncoding = 4; lastKnownFileType = sourcecode.c.h; path = rational.h; sourceTree = "<group>"; };
		1DC46D2D17A3EE2400FEBDFE /* samplefmt.h */ = {isa = PBXFileReference; fileEncoding = 4; lastKnownFileType = sourcecode.c.h; path = samplefmt.h; sourceTree = "<group>"; };
		1DC46D2E17A3EE2400FEBDFE /* sha.h */ = {isa = PBXFileReference; fileEncoding = 4; lastKnownFileType = sourcecode.c.h; path = sha.h; sourceTree = "<group>"; };
		1DC46D2F17A3EE2400FEBDFE /* sha1.h */ = {isa = PBXFileReference; fileEncoding = 4; lastKnownFileType = sourcecode.c.h; path = sha1.h; sourceTree = "<group>"; };
		1DC46D3017A3EE2400FEBDFE /* time.h */ = {isa = PBXFileReference; fileEncoding = 4; lastKnownFileType = sourcecode.c.h; path = time.h; sourceTree = "<group>"; };
		1DC46D3117A3EE2400FEBDFE /* timecode.h */ = {isa = PBXFileReference; fileEncoding = 4; lastKnownFileType = sourcecode.c.h; path = timecode.h; sourceTree = "<group>"; };
		1DC46D3217A3EE2400FEBDFE /* timestamp.h */ = {isa = PBXFileReference; fileEncoding = 4; lastKnownFileType = sourcecode.c.h; path = timestamp.h; sourceTree = "<group>"; };
		1DC46D3317A3EE2400FEBDFE /* version.h */ = {isa = PBXFileReference; fileEncoding = 4; lastKnownFileType = sourcecode.c.h; path = version.h; sourceTree = "<group>"; };
		1DC46D3417A3EE2400FEBDFE /* xtea.h */ = {isa = PBXFileReference; fileEncoding = 4; lastKnownFileType = sourcecode.c.h; path = xtea.h; sourceTree = "<group>"; };
		1DC46D3617A3EE2400FEBDFE /* swresample.h */ = {isa = PBXFileReference; fileEncoding = 4; lastKnownFileType = sourcecode.c.h; path = swresample.h; sourceTree = "<group>"; };
		1DC46D3817A3EE2400FEBDFE /* swscale.h */ = {isa = PBXFileReference; fileEncoding = 4; lastKnownFileType = sourcecode.c.h; path = swscale.h; sourceTree = "<group>"; };
		1DC46D3917A3EE2400FEBDFE /* version.h */ = {isa = PBXFileReference; fileEncoding = 4; lastKnownFileType = sourcecode.c.h; path = version.h; sourceTree = "<group>"; };
		1DC46D3C17A3EE2400FEBDFE /* basic_types.h */ = {isa = PBXFileReference; fileEncoding = 4; lastKnownFileType = sourcecode.c.h; path = basic_types.h; sourceTree = "<group>"; };
		1DC46D3D17A3EE2400FEBDFE /* compare.h */ = {isa = PBXFileReference; fileEncoding = 4; lastKnownFileType = sourcecode.c.h; path = compare.h; sourceTree = "<group>"; };
		1DC46D3E17A3EE2400FEBDFE /* convert.h */ = {isa = PBXFileReference; fileEncoding = 4; lastKnownFileType = sourcecode.c.h; path = convert.h; sourceTree = "<group>"; };
		1DC46D3F17A3EE2400FEBDFE /* convert_argb.h */ = {isa = PBXFileReference; fileEncoding = 4; lastKnownFileType = sourcecode.c.h; path = convert_argb.h; sourceTree = "<group>"; };
		1DC46D4017A3EE2400FEBDFE /* convert_from.h */ = {isa = PBXFileReference; fileEncoding = 4; lastKnownFileType = sourcecode.c.h; path = convert_from.h; sourceTree = "<group>"; };
		1DC46D4117A3EE2400FEBDFE /* cpu_id.h */ = {isa = PBXFileReference; fileEncoding = 4; lastKnownFileType = sourcecode.c.h; path = cpu_id.h; sourceTree = "<group>"; };
		1DC46D4217A3EE2400FEBDFE /* format_conversion.h */ = {isa = PBXFileReference; fileEncoding = 4; lastKnownFileType = sourcecode.c.h; path = format_conversion.h; sourceTree = "<group>"; };
		1DC46D4317A3EE2400FEBDFE /* mjpeg_decoder.h */ = {isa = PBXFileReference; fileEncoding = 4; lastKnownFileType = sourcecode.c.h; path = mjpeg_decoder.h; sourceTree = "<group>"; };
		1DC46D4417A3EE2400FEBDFE /* planar_functions.h */ = {isa = PBXFileReference; fileEncoding = 4; lastKnownFileType = sourcecode.c.h; path = planar_functions.h; sourceTree = "<group>"; };
		1DC46D4517A3EE2400FEBDFE /* rotate.h */ = {isa = PBXFileReference; fileEncoding = 4; lastKnownFileType = sourcecode.c.h; path = rotate.h; sourceTree = "<group>"; };
		1DC46D4617A3EE2400FEBDFE /* rotate_argb.h */ = {isa = PBXFileReference; fileEncoding = 4; lastKnownFileType = sourcecode.c.h; path = rotate_argb.h; sourceTree = "<group>"; };
		1DC46D4717A3EE2400FEBDFE /* scale.h */ = {isa = PBXFileReference; fileEncoding = 4; lastKnownFileType = sourcecode.c.h; path = scale.h; sourceTree = "<group>"; };
		1DC46D4817A3EE2400FEBDFE /* scale_argb.h */ = {isa = PBXFileReference; fileEncoding = 4; lastKnownFileType = sourcecode.c.h; path = scale_argb.h; sourceTree = "<group>"; };
		1DC46D4917A3EE2400FEBDFE /* version.h */ = {isa = PBXFileReference; fileEncoding = 4; lastKnownFileType = sourcecode.c.h; path = version.h; sourceTree = "<group>"; };
		1DC46D4A17A3EE2400FEBDFE /* video_common.h */ = {isa = PBXFileReference; fileEncoding = 4; lastKnownFileType = sourcecode.c.h; path = video_common.h; sourceTree = "<group>"; };
		1DC46D4B17A3EE2400FEBDFE /* libyuv.h */ = {isa = PBXFileReference; fileEncoding = 4; lastKnownFileType = sourcecode.c.h; path = libyuv.h; sourceTree = "<group>"; };
		1DC46D4D17A3EE2400FEBDFE /* config_types.h */ = {isa = PBXFileReference; fileEncoding = 4; lastKnownFileType = sourcecode.c.h; path = config_types.h; sourceTree = "<group>"; };
		1DC46D4E17A3EE2400FEBDFE /* ogg.h */ = {isa = PBXFileReference; fileEncoding = 4; lastKnownFileType = sourcecode.c.h; path = ogg.h; sourceTree = "<group>"; };
		1DC46D4F17A3EE2400FEBDFE /* os_types.h */ = {isa = PBXFileReference; fileEncoding = 4; lastKnownFileType = sourcecode.c.h; path = os_types.h; sourceTree = "<group>"; };
		1DC46D5217A3EE2400FEBDFE /* speex_bits.h */ = {isa = PBXFileReference; fileEncoding = 4; lastKnownFileType = sourcecode.c.h; path = speex_bits.h; sourceTree = "<group>"; };
		1DC46D5317A3EE2400FEBDFE /* speex_buffer.h */ = {isa = PBXFileReference; fileEncoding = 4; lastKnownFileType = sourcecode.c.h; path = speex_buffer.h; sourceTree = "<group>"; };
		1DC46D5417A3EE2400FEBDFE /* speex_callbacks.h */ = {isa = PBXFileReference; fileEncoding = 4; lastKnownFileType = sourcecode.c.h; path = speex_callbacks.h; sourceTree = "<group>"; };
		1DC46D5517A3EE2400FEBDFE /* speex_echo.h */ = {isa = PBXFileReference; fileEncoding = 4; lastKnownFileType = sourcecode.c.h; path = speex_echo.h; sourceTree = "<group>"; };
		1DC46D5617A3EE2400FEBDFE /* speex_header.h */ = {isa = PBXFileReference; fileEncoding = 4; lastKnownFileType = sourcecode.c.h; path = speex_header.h; sourceTree = "<group>"; };
		1DC46D5717A3EE2400FEBDFE /* speex_jitter.h */ = {isa = PBXFileReference; fileEncoding = 4; lastKnownFileType = sourcecode.c.h; path = speex_jitter.h; sourceTree = "<group>"; };
		1DC46D5817A3EE2400FEBDFE /* speex_preprocess.h */ = {isa = PBXFileReference; fileEncoding = 4; lastKnownFileType = sourcecode.c.h; path = speex_preprocess.h; sourceTree = "<group>"; };
		1DC46D5917A3EE2400FEBDFE /* speex_resampler.h */ = {isa = PBXFileReference; fileEncoding = 4; lastKnownFileType = sourcecode.c.h; path = speex_resampler.h; sourceTree = "<group>"; };
		1DC46D5A17A3EE2400FEBDFE /* speex_stereo.h */ = {isa = PBXFileReference; fileEncoding = 4; lastKnownFileType = sourcecode.c.h; path = speex_stereo.h; sourceTree = "<group>"; };
		1DC46D5B17A3EE2400FEBDFE /* speex_types.h */ = {isa = PBXFileReference; fileEncoding = 4; lastKnownFileType = sourcecode.c.h; path = speex_types.h; sourceTree = "<group>"; };
		1DC46D5C17A3EE2400FEBDFE /* speex.h */ = {isa = PBXFileReference; fileEncoding = 4; lastKnownFileType = sourcecode.c.h; path = speex.h; sourceTree = "<group>"; };
		1DC46D5E17A3EE2400FEBDFE /* codec.h */ = {isa = PBXFileReference; fileEncoding = 4; lastKnownFileType = sourcecode.c.h; path = codec.h; sourceTree = "<group>"; };
		1DC46D5F17A3EE2400FEBDFE /* theora.h */ = {isa = PBXFileReference; fileEncoding = 4; lastKnownFileType = sourcecode.c.h; path = theora.h; sourceTree = "<group>"; };
		1DC46D6017A3EE2400FEBDFE /* theoradec.h */ = {isa = PBXFileReference; fileEncoding = 4; lastKnownFileType = sourcecode.c.h; path = theoradec.h; sourceTree = "<group>"; };
		1DC46D6117A3EE2400FEBDFE /* theoraenc.h */ = {isa = PBXFileReference; fileEncoding = 4; lastKnownFileType = sourcecode.c.h; path = theoraenc.h; sourceTree = "<group>"; };
		1DC46D6317A3EE2400FEBDFE /* vp8.h */ = {isa = PBXFileReference; fileEncoding = 4; lastKnownFileType = sourcecode.c.h; path = vp8.h; sourceTree = "<group>"; };
		1DC46D6417A3EE2400FEBDFE /* vp8cx.h */ = {isa = PBXFileReference; fileEncoding = 4; lastKnownFileType = sourcecode.c.h; path = vp8cx.h; sourceTree = "<group>"; };
		1DC46D6517A3EE2400FEBDFE /* vp8dx.h */ = {isa = PBXFileReference; fileEncoding = 4; lastKnownFileType = sourcecode.c.h; path = vp8dx.h; sourceTree = "<group>"; };
		1DC46D6617A3EE2400FEBDFE /* vp8e.h */ = {isa = PBXFileReference; fileEncoding = 4; lastKnownFileType = sourcecode.c.h; path = vp8e.h; sourceTree = "<group>"; };
		1DC46D6717A3EE2400FEBDFE /* vpx_codec.h */ = {isa = PBXFileReference; fileEncoding = 4; lastKnownFileType = sourcecode.c.h; path = vpx_codec.h; sourceTree = "<group>"; };
		1DC46D6817A3EE2400FEBDFE /* vpx_codec_impl_bottom.h */ = {isa = PBXFileReference; fileEncoding = 4; lastKnownFileType = sourcecode.c.h; path = vpx_codec_impl_bottom.h; sourceTree = "<group>"; };
		1DC46D6917A3EE2400FEBDFE /* vpx_codec_impl_top.h */ = {isa = PBXFileReference; fileEncoding = 4; lastKnownFileType = sourcecode.c.h; path = vpx_codec_impl_top.h; sourceTree = "<group>"; };
		1DC46D6A17A3EE2400FEBDFE /* vpx_decoder.h */ = {isa = PBXFileReference; fileEncoding = 4; lastKnownFileType = sourcecode.c.h; path = vpx_decoder.h; sourceTree = "<group>"; };
		1DC46D6B17A3EE2400FEBDFE /* vpx_decoder_compat.h */ = {isa = PBXFileReference; fileEncoding = 4; lastKnownFileType = sourcecode.c.h; path = vpx_decoder_compat.h; sourceTree = "<group>"; };
		1DC46D6C17A3EE2400FEBDFE /* vpx_encoder.h */ = {isa = PBXFileReference; fileEncoding = 4; lastKnownFileType = sourcecode.c.h; path = vpx_encoder.h; sourceTree = "<group>"; };
		1DC46D6D17A3EE2400FEBDFE /* vpx_image.h */ = {isa = PBXFileReference; fileEncoding = 4; lastKnownFileType = sourcecode.c.h; path = vpx_image.h; sourceTree = "<group>"; };
		1DC46D6E17A3EE2400FEBDFE /* vpx_integer.h */ = {isa = PBXFileReference; fileEncoding = 4; lastKnownFileType = sourcecode.c.h; path = vpx_integer.h; sourceTree = "<group>"; };
		1DC46D7017A3EE2400FEBDFE /* x264.h */ = {isa = PBXFileReference; fileEncoding = 4; lastKnownFileType = sourcecode.c.h; path = x264.h; sourceTree = "<group>"; };
		1DC46D7117A3EE2400FEBDFE /* x264_config.h */ = {isa = PBXFileReference; fileEncoding = 4; lastKnownFileType = sourcecode.c.h; path = x264_config.h; sourceTree = "<group>"; };
		1DC46D7317A3EE2400FEBDFE /* libavcodec.a */ = {isa = PBXFileReference; lastKnownFileType = archive.ar; path = libavcodec.a; sourceTree = "<group>"; };
		1DC46D7417A3EE2400FEBDFE /* libavdevice.a */ = {isa = PBXFileReference; lastKnownFileType = archive.ar; path = libavdevice.a; sourceTree = "<group>"; };
		1DC46D7517A3EE2400FEBDFE /* libavfilter.a */ = {isa = PBXFileReference; lastKnownFileType = archive.ar; path = libavfilter.a; sourceTree = "<group>"; };
		1DC46D7617A3EE2400FEBDFE /* libavformat.a */ = {isa = PBXFileReference; lastKnownFileType = archive.ar; path = libavformat.a; sourceTree = "<group>"; };
		1DC46D7717A3EE2400FEBDFE /* libavutil.a */ = {isa = PBXFileReference; lastKnownFileType = archive.ar; path = libavutil.a; sourceTree = "<group>"; };
		1DC46D7817A3EE2400FEBDFE /* libogg.a */ = {isa = PBXFileReference; lastKnownFileType = archive.ar; path = libogg.a; sourceTree = "<group>"; };
		1DC46D7917A3EE2400FEBDFE /* libspeex.a */ = {isa = PBXFileReference; lastKnownFileType = archive.ar; path = libspeex.a; sourceTree = "<group>"; };
		1DC46D7A17A3EE2400FEBDFE /* libspeexdsp.a */ = {isa = PBXFileReference; lastKnownFileType = archive.ar; path = libspeexdsp.a; sourceTree = "<group>"; };
		1DC46D7B17A3EE2400FEBDFE /* libswresample.a */ = {isa = PBXFileReference; lastKnownFileType = archive.ar; path = libswresample.a; sourceTree = "<group>"; };
		1DC46D7C17A3EE2400FEBDFE /* libswscale.a */ = {isa = PBXFileReference; lastKnownFileType = archive.ar; path = libswscale.a; sourceTree = "<group>"; };
		1DC46D7D17A3EE2400FEBDFE /* libtheora.a */ = {isa = PBXFileReference; lastKnownFileType = archive.ar; path = libtheora.a; sourceTree = "<group>"; };
		1DC46D7E17A3EE2400FEBDFE /* libtheoradec.a */ = {isa = PBXFileReference; lastKnownFileType = archive.ar; path = libtheoradec.a; sourceTree = "<group>"; };
		1DC46D7F17A3EE2400FEBDFE /* libtheoraenc.a */ = {isa = PBXFileReference; lastKnownFileType = archive.ar; path = libtheoraenc.a; sourceTree = "<group>"; };
		1DC46D8017A3EE2400FEBDFE /* libvpx.a */ = {isa = PBXFileReference; lastKnownFileType = archive.ar; path = libvpx.a; sourceTree = "<group>"; };
		1DC46D8117A3EE2400FEBDFE /* libx264.a */ = {isa = PBXFileReference; lastKnownFileType = archive.ar; path = libx264.a; sourceTree = "<group>"; };
		1DC46D8217A3EE2400FEBDFE /* libyuv.a */ = {isa = PBXFileReference; lastKnownFileType = archive.ar; path = libyuv.a; sourceTree = "<group>"; };
		1DDA6CE01761F700006A8FDD /* KNX264Encoder.h */ = {isa = PBXFileReference; fileEncoding = 4; lastKnownFileType = sourcecode.c.h; path = KNX264Encoder.h; sourceTree = "<group>"; };
		1DDA6CE11761F701006A8FDD /* KNX264Encoder.m */ = {isa = PBXFileReference; fileEncoding = 4; lastKnownFileType = sourcecode.c.objc; path = KNX264Encoder.m; sourceTree = "<group>"; };
		1DFF390017A3F0A700AEAA41 /* KNVP8Encoder.h */ = {isa = PBXFileReference; fileEncoding = 4; lastKnownFileType = sourcecode.c.h; path = KNVP8Encoder.h; sourceTree = "<group>"; };
		1DFF390117A3F0A700AEAA41 /* KNVP8Encoder.m */ = {isa = PBXFileReference; fileEncoding = 4; lastKnownFileType = sourcecode.c.objc; path = KNVP8Encoder.m; sourceTree = "<group>"; };
		1DFF390317A3FD6B00AEAA41 /* MediaManager2.h */ = {isa = PBXFileReference; fileEncoding = 4; lastKnownFileType = sourcecode.c.h; path = MediaManager2.h; sourceTree = "<group>"; };
		1DFF390417A3FD6B00AEAA41 /* MediaManager2.m */ = {isa = PBXFileReference; fileEncoding = 4; lastKnownFileType = sourcecode.c.objc; path = MediaManager2.m; sourceTree = "<group>"; };
		1DFF390617A3FDE500AEAA41 /* MediaVideoParam.h */ = {isa = PBXFileReference; fileEncoding = 4; lastKnownFileType = sourcecode.c.h; path = MediaVideoParam.h; sourceTree = "<group>"; };
		1DFF390717A3FDE500AEAA41 /* MediaVideoParam.m */ = {isa = PBXFileReference; fileEncoding = 4; lastKnownFileType = sourcecode.c.objc; path = MediaVideoParam.m; sourceTree = "<group>"; };
		1DFF391F17A4408600AEAA41 /* KNVP8Decoder.h */ = {isa = PBXFileReference; fileEncoding = 4; lastKnownFileType = sourcecode.c.h; path = KNVP8Decoder.h; sourceTree = "<group>"; };
		1DFF392017A4408600AEAA41 /* KNVP8Decoder.m */ = {isa = PBXFileReference; fileEncoding = 4; lastKnownFileType = sourcecode.c.objc; path = KNVP8Decoder.m; sourceTree = "<group>"; };
		BE1E123517585691009BAE3A /* libMediaManager.a */ = {isa = PBXFileReference; explicitFileType = archive.ar; includeInIndex = 0; path = libMediaManager.a; sourceTree = BUILT_PRODUCTS_DIR; };
		BE1E123817585691009BAE3A /* Foundation.framework */ = {isa = PBXFileReference; lastKnownFileType = wrapper.framework; name = Foundation.framework; path = System/Library/Frameworks/Foundation.framework; sourceTree = SDKROOT; };
		BE1E123C17585691009BAE3A /* MediaManager-Prefix.pch */ = {isa = PBXFileReference; lastKnownFileType = sourcecode.c.h; path = "MediaManager-Prefix.pch"; sourceTree = "<group>"; };
		BE1E123D17585691009BAE3A /* MediaManager.h */ = {isa = PBXFileReference; lastKnownFileType = sourcecode.c.h; path = MediaManager.h; sourceTree = "<group>"; };
		BE1E123F17585691009BAE3A /* MediaManager.m */ = {isa = PBXFileReference; lastKnownFileType = sourcecode.c.objc; path = MediaManager.m; sourceTree = "<group>"; };
		BE1E1246175856D3009BAE3A /* CoreAudio.framework */ = {isa = PBXFileReference; lastKnownFileType = wrapper.framework; name = CoreAudio.framework; path = System/Library/Frameworks/CoreAudio.framework; sourceTree = SDKROOT; };
		BE1E1247175856D3009BAE3A /* CoreMedia.framework */ = {isa = PBXFileReference; lastKnownFileType = wrapper.framework; name = CoreMedia.framework; path = System/Library/Frameworks/CoreMedia.framework; sourceTree = SDKROOT; };
		BE1E1248175856D3009BAE3A /* CoreVideo.framework */ = {isa = PBXFileReference; lastKnownFileType = wrapper.framework; name = CoreVideo.framework; path = System/Library/Frameworks/CoreVideo.framework; sourceTree = SDKROOT; };
		BE1E124C175856DD009BAE3A /* AudioToolbox.framework */ = {isa = PBXFileReference; lastKnownFileType = wrapper.framework; name = AudioToolbox.framework; path = System/Library/Frameworks/AudioToolbox.framework; sourceTree = SDKROOT; };
		BE1E124E175856E0009BAE3A /* AVFoundation.framework */ = {isa = PBXFileReference; lastKnownFileType = wrapper.framework; name = AVFoundation.framework; path = System/Library/Frameworks/AVFoundation.framework; sourceTree = SDKROOT; };
		BE1E1250175856E5009BAE3A /* OpenGLES.framework */ = {isa = PBXFileReference; lastKnownFileType = wrapper.framework; name = OpenGLES.framework; path = System/Library/Frameworks/OpenGLES.framework; sourceTree = SDKROOT; };
		BE1E1252175856EE009BAE3A /* libresolv.dylib */ = {isa = PBXFileReference; lastKnownFileType = "compiled.mach-o.dylib"; name = libresolv.dylib; path = usr/lib/libresolv.dylib; sourceTree = SDKROOT; };
		BE1E1254175856F3009BAE3A /* libz.1.1.3.dylib */ = {isa = PBXFileReference; lastKnownFileType = "compiled.mach-o.dylib"; name = libz.1.1.3.dylib; path = usr/lib/libz.1.1.3.dylib; sourceTree = SDKROOT; };
		BE1E125817585724009BAE3A /* KNAudioManager.h */ = {isa = PBXFileReference; lastKnownFileType = sourcecode.c.h; path = KNAudioManager.h; sourceTree = "<group>"; };
		BE1E125917585724009BAE3A /* KNAudioManager.m */ = {isa = PBXFileReference; lastKnownFileType = sourcecode.c.objc; path = KNAudioManager.m; sourceTree = "<group>"; };
		BE1E125B17585724009BAE3A /* KNFFmpegDecoder.h */ = {isa = PBXFileReference; lastKnownFileType = sourcecode.c.h; path = KNFFmpegDecoder.h; sourceTree = "<group>"; };
		BE1E125C17585724009BAE3A /* KNFFmpegDecoder.m */ = {isa = PBXFileReference; lastKnownFileType = sourcecode.c.objc; path = KNFFmpegDecoder.m; sourceTree = "<group>"; };
		BE1E125D17585724009BAE3A /* KNFFMpegX264Encoder.h */ = {isa = PBXFileReference; lastKnownFileType = sourcecode.c.h; path = KNFFMpegX264Encoder.h; sourceTree = "<group>"; };
		BE1E125E17585724009BAE3A /* KNFFMpegX264Encoder.m */ = {isa = PBXFileReference; lastKnownFileType = sourcecode.c.objc; path = KNFFMpegX264Encoder.m; sourceTree = "<group>"; };
		BE1E126117585724009BAE3A /* KNSpeexCodec.h */ = {isa = PBXFileReference; lastKnownFileType = sourcecode.c.h; path = KNSpeexCodec.h; sourceTree = "<group>"; };
		BE1E126217585724009BAE3A /* KNSpeexCodec.m */ = {isa = PBXFileReference; lastKnownFileType = sourcecode.c.objc; path = KNSpeexCodec.m; sourceTree = "<group>"; };
		BE1E126417585724009BAE3A /* KNAudioRingQueue.h */ = {isa = PBXFileReference; lastKnownFileType = sourcecode.c.h; path = KNAudioRingQueue.h; sourceTree = "<group>"; };
		BE1E126517585724009BAE3A /* KNAudioRingQueue.m */ = {isa = PBXFileReference; lastKnownFileType = sourcecode.c.objc; path = KNAudioRingQueue.m; sourceTree = "<group>"; };
		BE1E126B17585724009BAE3A /* iOSGLView.h */ = {isa = PBXFileReference; lastKnownFileType = sourcecode.c.h; path = iOSGLView.h; sourceTree = "<group>"; };
		BE1E126C17585724009BAE3A /* iOSGLView.mm */ = {isa = PBXFileReference; lastKnownFileType = sourcecode.cpp.objcpp; path = iOSGLView.mm; sourceTree = "<group>"; };
		BE1E126D17585724009BAE3A /* KNGLView.h */ = {isa = PBXFileReference; lastKnownFileType = sourcecode.c.h; path = KNGLView.h; sourceTree = "<group>"; };
		BE1E126E17585724009BAE3A /* KNGLView.m */ = {isa = PBXFileReference; lastKnownFileType = sourcecode.c.objc; path = KNGLView.m; sourceTree = "<group>"; };
		BE1E126F17585724009BAE3A /* KNImageConvert.h */ = {isa = PBXFileReference; lastKnownFileType = sourcecode.c.h; path = KNImageConvert.h; sourceTree = "<group>"; };
		BE1E127017585724009BAE3A /* KNImageConvert.m */ = {isa = PBXFileReference; lastKnownFileType = sourcecode.c.objc; path = KNImageConvert.m; sourceTree = "<group>"; };
		BE1E127117585724009BAE3A /* KNVideoManager.h */ = {isa = PBXFileReference; lastKnownFileType = sourcecode.c.h; path = KNVideoManager.h; sourceTree = "<group>"; };
		BE1E127217585724009BAE3A /* KNVideoManager.m */ = {isa = PBXFileReference; lastKnownFileType = sourcecode.c.objc; path = KNVideoManager.m; sourceTree = "<group>"; };
		BE1E12FA17585966009BAE3A /* CoreGraphics.framework */ = {isa = PBXFileReference; lastKnownFileType = wrapper.framework; name = CoreGraphics.framework; path = System/Library/Frameworks/CoreGraphics.framework; sourceTree = SDKROOT; };
		BE1E12FC1758596C009BAE3A /* UIKit.framework */ = {isa = PBXFileReference; lastKnownFileType = wrapper.framework; name = UIKit.framework; path = System/Library/Frameworks/UIKit.framework; sourceTree = SDKROOT; };
		BE1E135717586CDB009BAE3A /* Accelerate.framework */ = {isa = PBXFileReference; lastKnownFileType = wrapper.framework; name = Accelerate.framework; path = System/Library/Frameworks/Accelerate.framework; sourceTree = SDKROOT; };
		BE1E135917586CE0009BAE3A /* CoreImage.framework */ = {isa = PBXFileReference; lastKnownFileType = wrapper.framework; name = CoreImage.framework; path = System/Library/Frameworks/CoreImage.framework; sourceTree = SDKROOT; };
		BE1E136A17586D03009BAE3A /* libstdc++.6.0.9.dylib */ = {isa = PBXFileReference; lastKnownFileType = "compiled.mach-o.dylib"; name = "libstdc++.6.0.9.dylib"; path = "usr/lib/libstdc++.6.0.9.dylib"; sourceTree = SDKROOT; };
		BE1E136C17586D51009BAE3A /* QuartzCore.framework */ = {isa = PBXFileReference; lastKnownFileType = wrapper.framework; name = QuartzCore.framework; path = System/Library/Frameworks/QuartzCore.framework; sourceTree = SDKROOT; };
/* End PBXFileReference section */

/* Begin PBXFrameworksBuildPhase section */
		BE1E123217585691009BAE3A /* Frameworks */ = {
			isa = PBXFrameworksBuildPhase;
			buildActionMask = 2147483647;
			files = (
				BE1E136D17586D51009BAE3A /* QuartzCore.framework in Frameworks */,
				BE1E136B17586D03009BAE3A /* libstdc++.6.0.9.dylib in Frameworks */,
				BE1E135A17586CE0009BAE3A /* CoreImage.framework in Frameworks */,
				BE1E135817586CDB009BAE3A /* Accelerate.framework in Frameworks */,
				BE1E12FD1758596C009BAE3A /* UIKit.framework in Frameworks */,
				BE1E12FB17585967009BAE3A /* CoreGraphics.framework in Frameworks */,
				BE1E1255175856F3009BAE3A /* libz.1.1.3.dylib in Frameworks */,
				BE1E1253175856EE009BAE3A /* libresolv.dylib in Frameworks */,
				BE1E1251175856E5009BAE3A /* OpenGLES.framework in Frameworks */,
				BE1E124F175856E0009BAE3A /* AVFoundation.framework in Frameworks */,
				BE1E124D175856DD009BAE3A /* AudioToolbox.framework in Frameworks */,
				BE1E1249175856D3009BAE3A /* CoreAudio.framework in Frameworks */,
				BE1E124A175856D3009BAE3A /* CoreMedia.framework in Frameworks */,
				BE1E124B175856D3009BAE3A /* CoreVideo.framework in Frameworks */,
				BE1E123917585691009BAE3A /* Foundation.framework in Frameworks */,
				1DC46D8317A3EE2400FEBDFE /* libavcodec.a in Frameworks */,
				1DC46D8417A3EE2400FEBDFE /* libavdevice.a in Frameworks */,
				1DC46D8517A3EE2400FEBDFE /* libavfilter.a in Frameworks */,
				1DC46D8617A3EE2400FEBDFE /* libavformat.a in Frameworks */,
				1DC46D8717A3EE2400FEBDFE /* libavutil.a in Frameworks */,
				1DC46D8817A3EE2400FEBDFE /* libogg.a in Frameworks */,
				1DC46D8917A3EE2400FEBDFE /* libspeex.a in Frameworks */,
				1DC46D8A17A3EE2400FEBDFE /* libspeexdsp.a in Frameworks */,
				1DC46D8B17A3EE2400FEBDFE /* libswresample.a in Frameworks */,
				1DC46D8C17A3EE2400FEBDFE /* libswscale.a in Frameworks */,
				1DC46D8D17A3EE2400FEBDFE /* libtheora.a in Frameworks */,
				1DC46D8E17A3EE2400FEBDFE /* libtheoradec.a in Frameworks */,
				1DC46D8F17A3EE2400FEBDFE /* libtheoraenc.a in Frameworks */,
				1DC46D9017A3EE2400FEBDFE /* libvpx.a in Frameworks */,
				1DC46D9117A3EE2400FEBDFE /* libx264.a in Frameworks */,
				1DC46D9217A3EE2400FEBDFE /* libyuv.a in Frameworks */,
			);
			runOnlyForDeploymentPostprocessing = 0;
		};
/* End PBXFrameworksBuildPhase section */

/* Begin PBXGroup section */
		1D4CD1FD1766B1EC0063E53F /* rtp */ = {
			isa = PBXGroup;
			children = (
				1D4CD1FE1766B1FC0063E53F /* KNRtp.h */,
				1D4CD1FF1766B1FC0063E53F /* KNRtp.m */,
			);
			path = rtp;
			sourceTree = "<group>";
		};
		1DC46CEB17A3EE2400FEBDFE /* external */ = {
			isa = PBXGroup;
			children = (
				1DC46CEC17A3EE2400FEBDFE /* include */,
				1DC46D7217A3EE2400FEBDFE /* lib */,
			);
			path = external;
			sourceTree = "<group>";
		};
		1DC46CEC17A3EE2400FEBDFE /* include */ = {
			isa = PBXGroup;
			children = (
				1DC46CED17A3EE2400FEBDFE /* libavcodec */,
				1DC46CF817A3EE2400FEBDFE /* libavdevice */,
				1DC46CFB17A3EE2400FEBDFE /* libavfilter */,
				1DC46D0317A3EE2400FEBDFE /* libavformat */,
				1DC46D0717A3EE2400FEBDFE /* libavutil */,
				1DC46D3517A3EE2400FEBDFE /* libswresample */,
				1DC46D3717A3EE2400FEBDFE /* libswscale */,
				1DC46D3A17A3EE2400FEBDFE /* libyuv */,
				1DC46D4C17A3EE2400FEBDFE /* ogg */,
				1DC46D5017A3EE2400FEBDFE /* speex */,
				1DC46D5D17A3EE2400FEBDFE /* theora */,
				1DC46D6217A3EE2400FEBDFE /* vpx */,
				1DC46D6F17A3EE2400FEBDFE /* x264 */,
			);
			path = include;
			sourceTree = "<group>";
		};
		1DC46CED17A3EE2400FEBDFE /* libavcodec */ = {
			isa = PBXGroup;
			children = (
				1DC46CEE17A3EE2400FEBDFE /* avcodec.h */,
				1DC46CEF17A3EE2400FEBDFE /* avfft.h */,
				1DC46CF017A3EE2400FEBDFE /* dxva2.h */,
				1DC46CF117A3EE2400FEBDFE /* old_codec_ids.h */,
				1DC46CF217A3EE2400FEBDFE /* opt.h */,
				1DC46CF317A3EE2400FEBDFE /* vaapi.h */,
				1DC46CF417A3EE2400FEBDFE /* vda.h */,
				1DC46CF517A3EE2400FEBDFE /* vdpau.h */,
				1DC46CF617A3EE2400FEBDFE /* version.h */,
				1DC46CF717A3EE2400FEBDFE /* xvmc.h */,
			);
			path = libavcodec;
			sourceTree = "<group>";
		};
		1DC46CF817A3EE2400FEBDFE /* libavdevice */ = {
			isa = PBXGroup;
			children = (
				1DC46CF917A3EE2400FEBDFE /* avdevice.h */,
				1DC46CFA17A3EE2400FEBDFE /* version.h */,
			);
			path = libavdevice;
			sourceTree = "<group>";
		};
		1DC46CFB17A3EE2400FEBDFE /* libavfilter */ = {
			isa = PBXGroup;
			children = (
				1DC46CFC17A3EE2400FEBDFE /* asrc_abuffer.h */,
				1DC46CFD17A3EE2400FEBDFE /* avcodec.h */,
				1DC46CFE17A3EE2400FEBDFE /* avfilter.h */,
				1DC46CFF17A3EE2400FEBDFE /* avfiltergraph.h */,
				1DC46D0017A3EE2400FEBDFE /* buffersink.h */,
				1DC46D0117A3EE2400FEBDFE /* buffersrc.h */,
				1DC46D0217A3EE2400FEBDFE /* version.h */,
			);
			path = libavfilter;
			sourceTree = "<group>";
		};
		1DC46D0317A3EE2400FEBDFE /* libavformat */ = {
			isa = PBXGroup;
			children = (
				1DC46D0417A3EE2400FEBDFE /* avformat.h */,
				1DC46D0517A3EE2400FEBDFE /* avio.h */,
				1DC46D0617A3EE2400FEBDFE /* version.h */,
			);
			path = libavformat;
			sourceTree = "<group>";
		};
		1DC46D0717A3EE2400FEBDFE /* libavutil */ = {
			isa = PBXGroup;
			children = (
				1DC46D0817A3EE2400FEBDFE /* adler32.h */,
				1DC46D0917A3EE2400FEBDFE /* aes.h */,
				1DC46D0A17A3EE2400FEBDFE /* attributes.h */,
				1DC46D0B17A3EE2400FEBDFE /* audio_fifo.h */,
				1DC46D0C17A3EE2400FEBDFE /* audioconvert.h */,
				1DC46D0D17A3EE2400FEBDFE /* avassert.h */,
				1DC46D0E17A3EE2400FEBDFE /* avconfig.h */,
				1DC46D0F17A3EE2400FEBDFE /* avstring.h */,
				1DC46D1017A3EE2400FEBDFE /* avutil.h */,
				1DC46D1117A3EE2400FEBDFE /* base64.h */,
				1DC46D1217A3EE2400FEBDFE /* blowfish.h */,
				1DC46D1317A3EE2400FEBDFE /* bprint.h */,
				1DC46D1417A3EE2400FEBDFE /* bswap.h */,
				1DC46D1517A3EE2400FEBDFE /* common.h */,
				1DC46D1617A3EE2400FEBDFE /* cpu.h */,
				1DC46D1717A3EE2400FEBDFE /* crc.h */,
				1DC46D1817A3EE2400FEBDFE /* dict.h */,
				1DC46D1917A3EE2400FEBDFE /* error.h */,
				1DC46D1A17A3EE2400FEBDFE /* eval.h */,
				1DC46D1B17A3EE2400FEBDFE /* fifo.h */,
				1DC46D1C17A3EE2400FEBDFE /* file.h */,
				1DC46D1D17A3EE2400FEBDFE /* imgutils.h */,
				1DC46D1E17A3EE2400FEBDFE /* intfloat.h */,
				1DC46D1F17A3EE2400FEBDFE /* intfloat_readwrite.h */,
				1DC46D2017A3EE2400FEBDFE /* intreadwrite.h */,
				1DC46D2117A3EE2400FEBDFE /* lfg.h */,
				1DC46D2217A3EE2400FEBDFE /* log.h */,
				1DC46D2317A3EE2400FEBDFE /* lzo.h */,
				1DC46D2417A3EE2400FEBDFE /* mathematics.h */,
				1DC46D2517A3EE2400FEBDFE /* md5.h */,
				1DC46D2617A3EE2400FEBDFE /* mem.h */,
				1DC46D2717A3EE2400FEBDFE /* opt.h */,
				1DC46D2817A3EE2400FEBDFE /* parseutils.h */,
				1DC46D2917A3EE2400FEBDFE /* pixdesc.h */,
				1DC46D2A17A3EE2400FEBDFE /* pixfmt.h */,
				1DC46D2B17A3EE2400FEBDFE /* random_seed.h */,
				1DC46D2C17A3EE2400FEBDFE /* rational.h */,
				1DC46D2D17A3EE2400FEBDFE /* samplefmt.h */,
				1DC46D2E17A3EE2400FEBDFE /* sha.h */,
				1DC46D2F17A3EE2400FEBDFE /* sha1.h */,
				1DC46D3017A3EE2400FEBDFE /* time.h */,
				1DC46D3117A3EE2400FEBDFE /* timecode.h */,
				1DC46D3217A3EE2400FEBDFE /* timestamp.h */,
				1DC46D3317A3EE2400FEBDFE /* version.h */,
				1DC46D3417A3EE2400FEBDFE /* xtea.h */,
			);
			path = libavutil;
			sourceTree = "<group>";
		};
		1DC46D3517A3EE2400FEBDFE /* libswresample */ = {
			isa = PBXGroup;
			children = (
				1DC46D3617A3EE2400FEBDFE /* swresample.h */,
			);
			path = libswresample;
			sourceTree = "<group>";
		};
		1DC46D3717A3EE2400FEBDFE /* libswscale */ = {
			isa = PBXGroup;
			children = (
				1DC46D3817A3EE2400FEBDFE /* swscale.h */,
				1DC46D3917A3EE2400FEBDFE /* version.h */,
			);
			path = libswscale;
			sourceTree = "<group>";
		};
		1DC46D3A17A3EE2400FEBDFE /* libyuv */ = {
			isa = PBXGroup;
			children = (
				1DC46D3B17A3EE2400FEBDFE /* libyuv */,
				1DC46D4B17A3EE2400FEBDFE /* libyuv.h */,
			);
			path = libyuv;
			sourceTree = "<group>";
		};
		1DC46D3B17A3EE2400FEBDFE /* libyuv */ = {
			isa = PBXGroup;
			children = (
				1DC46D3C17A3EE2400FEBDFE /* basic_types.h */,
				1DC46D3D17A3EE2400FEBDFE /* compare.h */,
				1DC46D3E17A3EE2400FEBDFE /* convert.h */,
				1DC46D3F17A3EE2400FEBDFE /* convert_argb.h */,
				1DC46D4017A3EE2400FEBDFE /* convert_from.h */,
				1DC46D4117A3EE2400FEBDFE /* cpu_id.h */,
				1DC46D4217A3EE2400FEBDFE /* format_conversion.h */,
				1DC46D4317A3EE2400FEBDFE /* mjpeg_decoder.h */,
				1DC46D4417A3EE2400FEBDFE /* planar_functions.h */,
				1DC46D4517A3EE2400FEBDFE /* rotate.h */,
				1DC46D4617A3EE2400FEBDFE /* rotate_argb.h */,
				1DC46D4717A3EE2400FEBDFE /* scale.h */,
				1DC46D4817A3EE2400FEBDFE /* scale_argb.h */,
				1DC46D4917A3EE2400FEBDFE /* version.h */,
				1DC46D4A17A3EE2400FEBDFE /* video_common.h */,
			);
			path = libyuv;
			sourceTree = "<group>";
		};
		1DC46D4C17A3EE2400FEBDFE /* ogg */ = {
			isa = PBXGroup;
			children = (
				1DC46D4D17A3EE2400FEBDFE /* config_types.h */,
				1DC46D4E17A3EE2400FEBDFE /* ogg.h */,
				1DC46D4F17A3EE2400FEBDFE /* os_types.h */,
			);
			path = ogg;
			sourceTree = "<group>";
		};
		1DC46D5017A3EE2400FEBDFE /* speex */ = {
			isa = PBXGroup;
			children = (
				1DC46D5117A3EE2400FEBDFE /* speex */,
				1DC46D5C17A3EE2400FEBDFE /* speex.h */,
			);
			path = speex;
			sourceTree = "<group>";
		};
		1DC46D5117A3EE2400FEBDFE /* speex */ = {
			isa = PBXGroup;
			children = (
				1DC46D5217A3EE2400FEBDFE /* speex_bits.h */,
				1DC46D5317A3EE2400FEBDFE /* speex_buffer.h */,
				1DC46D5417A3EE2400FEBDFE /* speex_callbacks.h */,
				1DC46D5517A3EE2400FEBDFE /* speex_echo.h */,
				1DC46D5617A3EE2400FEBDFE /* speex_header.h */,
				1DC46D5717A3EE2400FEBDFE /* speex_jitter.h */,
				1DC46D5817A3EE2400FEBDFE /* speex_preprocess.h */,
				1DC46D5917A3EE2400FEBDFE /* speex_resampler.h */,
				1DC46D5A17A3EE2400FEBDFE /* speex_stereo.h */,
				1DC46D5B17A3EE2400FEBDFE /* speex_types.h */,
			);
			path = speex;
			sourceTree = "<group>";
		};
		1DC46D5D17A3EE2400FEBDFE /* theora */ = {
			isa = PBXGroup;
			children = (
				1DC46D5E17A3EE2400FEBDFE /* codec.h */,
				1DC46D5F17A3EE2400FEBDFE /* theora.h */,
				1DC46D6017A3EE2400FEBDFE /* theoradec.h */,
				1DC46D6117A3EE2400FEBDFE /* theoraenc.h */,
			);
			path = theora;
			sourceTree = "<group>";
		};
		1DC46D6217A3EE2400FEBDFE /* vpx */ = {
			isa = PBXGroup;
			children = (
				1DC46D6317A3EE2400FEBDFE /* vp8.h */,
				1DC46D6417A3EE2400FEBDFE /* vp8cx.h */,
				1DC46D6517A3EE2400FEBDFE /* vp8dx.h */,
				1DC46D6617A3EE2400FEBDFE /* vp8e.h */,
				1DC46D6717A3EE2400FEBDFE /* vpx_codec.h */,
				1DC46D6817A3EE2400FEBDFE /* vpx_codec_impl_bottom.h */,
				1DC46D6917A3EE2400FEBDFE /* vpx_codec_impl_top.h */,
				1DC46D6A17A3EE2400FEBDFE /* vpx_decoder.h */,
				1DC46D6B17A3EE2400FEBDFE /* vpx_decoder_compat.h */,
				1DC46D6C17A3EE2400FEBDFE /* vpx_encoder.h */,
				1DC46D6D17A3EE2400FEBDFE /* vpx_image.h */,
				1DC46D6E17A3EE2400FEBDFE /* vpx_integer.h */,
			);
			path = vpx;
			sourceTree = "<group>";
		};
		1DC46D6F17A3EE2400FEBDFE /* x264 */ = {
			isa = PBXGroup;
			children = (
				1DC46D7017A3EE2400FEBDFE /* x264.h */,
				1DC46D7117A3EE2400FEBDFE /* x264_config.h */,
			);
			path = x264;
			sourceTree = "<group>";
		};
		1DC46D7217A3EE2400FEBDFE /* lib */ = {
			isa = PBXGroup;
			children = (
				1DC46D7317A3EE2400FEBDFE /* libavcodec.a */,
				1DC46D7417A3EE2400FEBDFE /* libavdevice.a */,
				1DC46D7517A3EE2400FEBDFE /* libavfilter.a */,
				1DC46D7617A3EE2400FEBDFE /* libavformat.a */,
				1DC46D7717A3EE2400FEBDFE /* libavutil.a */,
				1DC46D7817A3EE2400FEBDFE /* libogg.a */,
				1DC46D7917A3EE2400FEBDFE /* libspeex.a */,
				1DC46D7A17A3EE2400FEBDFE /* libspeexdsp.a */,
				1DC46D7B17A3EE2400FEBDFE /* libswresample.a */,
				1DC46D7C17A3EE2400FEBDFE /* libswscale.a */,
				1DC46D7D17A3EE2400FEBDFE /* libtheora.a */,
				1DC46D7E17A3EE2400FEBDFE /* libtheoradec.a */,
				1DC46D7F17A3EE2400FEBDFE /* libtheoraenc.a */,
				1DC46D8017A3EE2400FEBDFE /* libvpx.a */,
				1DC46D8117A3EE2400FEBDFE /* libx264.a */,
				1DC46D8217A3EE2400FEBDFE /* libyuv.a */,
			);
			path = lib;
			sourceTree = "<group>";
		};
		BE1E122C17585691009BAE3A = {
			isa = PBXGroup;
			children = (
				1DC46CEB17A3EE2400FEBDFE /* external */,
				BE1E125617585724009BAE3A /* corelibs */,
				BE1E123A17585691009BAE3A /* MediaManager */,
				BE1E123717585691009BAE3A /* Frameworks */,
				BE1E123617585691009BAE3A /* Products */,
			);
			sourceTree = "<group>";
		};
		BE1E123617585691009BAE3A /* Products */ = {
			isa = PBXGroup;
			children = (
				BE1E123517585691009BAE3A /* libMediaManager.a */,
			);
			name = Products;
			sourceTree = "<group>";
		};
		BE1E123717585691009BAE3A /* Frameworks */ = {
			isa = PBXGroup;
			children = (
				BE1E136C17586D51009BAE3A /* QuartzCore.framework */,
				BE1E136A17586D03009BAE3A /* libstdc++.6.0.9.dylib */,
				BE1E135917586CE0009BAE3A /* CoreImage.framework */,
				BE1E135717586CDB009BAE3A /* Accelerate.framework */,
				BE1E12FC1758596C009BAE3A /* UIKit.framework */,
				BE1E12FA17585966009BAE3A /* CoreGraphics.framework */,
				BE1E1254175856F3009BAE3A /* libz.1.1.3.dylib */,
				BE1E1252175856EE009BAE3A /* libresolv.dylib */,
				BE1E1250175856E5009BAE3A /* OpenGLES.framework */,
				BE1E124E175856E0009BAE3A /* AVFoundation.framework */,
				BE1E124C175856DD009BAE3A /* AudioToolbox.framework */,
				BE1E1246175856D3009BAE3A /* CoreAudio.framework */,
				BE1E1247175856D3009BAE3A /* CoreMedia.framework */,
				BE1E1248175856D3009BAE3A /* CoreVideo.framework */,
				BE1E123817585691009BAE3A /* Foundation.framework */,
			);
			name = Frameworks;
			sourceTree = "<group>";
		};
		BE1E123A17585691009BAE3A /* MediaManager */ = {
			isa = PBXGroup;
			children = (
				BE1E123D17585691009BAE3A /* MediaManager.h */,
				BE1E123F17585691009BAE3A /* MediaManager.m */,
				1DFF390317A3FD6B00AEAA41 /* MediaManager2.h */,
				1DFF390417A3FD6B00AEAA41 /* MediaManager2.m */,
				1DFF390617A3FDE500AEAA41 /* MediaVideoParam.h */,
				1DFF390717A3FDE500AEAA41 /* MediaVideoParam.m */,
				BE1E123B17585691009BAE3A /* Supporting Files */,
			);
			path = MediaManager;
			sourceTree = "<group>";
		};
		BE1E123B17585691009BAE3A /* Supporting Files */ = {
			isa = PBXGroup;
			children = (
				BE1E123C17585691009BAE3A /* MediaManager-Prefix.pch */,
			);
			name = "Supporting Files";
			sourceTree = "<group>";
		};
		BE1E125617585724009BAE3A /* corelibs */ = {
			isa = PBXGroup;
			children = (
				1D4CD2011766C4B80063E53F /* Global.h */,
				1D4CD1FD1766B1EC0063E53F /* rtp */,
				BE1E125717585724009BAE3A /* audio */,
				BE1E125A17585724009BAE3A /* codec */,
				BE1E126317585724009BAE3A /* utils */,
				BE1E126617585724009BAE3A /* video */,
			);
			path = corelibs;
			sourceTree = "<group>";
		};
		BE1E125717585724009BAE3A /* audio */ = {
			isa = PBXGroup;
			children = (
				BE1E125817585724009BAE3A /* KNAudioManager.h */,
				BE1E125917585724009BAE3A /* KNAudioManager.m */,
			);
			path = audio;
			sourceTree = "<group>";
		};
		BE1E125A17585724009BAE3A /* codec */ = {
			isa = PBXGroup;
			children = (
				BE1E125B17585724009BAE3A /* KNFFmpegDecoder.h */,
				BE1E125C17585724009BAE3A /* KNFFmpegDecoder.m */,
				BE1E125D17585724009BAE3A /* KNFFMpegX264Encoder.h */,
				BE1E125E17585724009BAE3A /* KNFFMpegX264Encoder.m */,
				BE1E126117585724009BAE3A /* KNSpeexCodec.h */,
				BE1E126217585724009BAE3A /* KNSpeexCodec.m */,
				1DDA6CE01761F700006A8FDD /* KNX264Encoder.h */,
				1DDA6CE11761F701006A8FDD /* KNX264Encoder.m */,
				1DFF390017A3F0A700AEAA41 /* KNVP8Encoder.h */,
				1DFF390117A3F0A700AEAA41 /* KNVP8Encoder.m */,
				1DFF391F17A4408600AEAA41 /* KNVP8Decoder.h */,
				1DFF392017A4408600AEAA41 /* KNVP8Decoder.m */,
			);
			path = codec;
			sourceTree = "<group>";
		};
		BE1E126317585724009BAE3A /* utils */ = {
			isa = PBXGroup;
			children = (
				BE1E126417585724009BAE3A /* KNAudioRingQueue.h */,
				BE1E126517585724009BAE3A /* KNAudioRingQueue.m */,
			);
			path = utils;
			sourceTree = "<group>";
		};
		BE1E126617585724009BAE3A /* video */ = {
			isa = PBXGroup;
			children = (
				BE1E126B17585724009BAE3A /* iOSGLView.h */,
				BE1E126C17585724009BAE3A /* iOSGLView.mm */,
				BE1E126D17585724009BAE3A /* KNGLView.h */,
				BE1E126E17585724009BAE3A /* KNGLView.m */,
				BE1E126F17585724009BAE3A /* KNImageConvert.h */,
				BE1E127017585724009BAE3A /* KNImageConvert.m */,
				BE1E127117585724009BAE3A /* KNVideoManager.h */,
				BE1E127217585724009BAE3A /* KNVideoManager.m */,
			);
			path = video;
			sourceTree = "<group>";
		};
/* End PBXGroup section */

/* Begin PBXNativeTarget section */
		BE1E123417585691009BAE3A /* MediaManager */ = {
			isa = PBXNativeTarget;
			buildConfigurationList = BE1E124317585691009BAE3A /* Build configuration list for PBXNativeTarget "MediaManager" */;
			buildPhases = (
				BE1E123117585691009BAE3A /* Sources */,
				BE1E123217585691009BAE3A /* Frameworks */,
				BE1E123317585691009BAE3A /* CopyFiles */,
				BE1E130A175869E3009BAE3A /* ShellScript */,
			);
			buildRules = (
			);
			dependencies = (
			);
			name = MediaManager;
			productName = MediaManager;
			productReference = BE1E123517585691009BAE3A /* libMediaManager.a */;
			productType = "com.apple.product-type.library.static";
		};
/* End PBXNativeTarget section */

/* Begin PBXProject section */
		BE1E122D17585691009BAE3A /* Project object */ = {
			isa = PBXProject;
			attributes = {
				LastUpgradeCheck = 0460;
				ORGANIZATIONNAME = SH;
			};
			buildConfigurationList = BE1E123017585691009BAE3A /* Build configuration list for PBXProject "MediaManager" */;
			compatibilityVersion = "Xcode 3.2";
			developmentRegion = English;
			hasScannedForEncodings = 0;
			knownRegions = (
				en,
			);
			mainGroup = BE1E122C17585691009BAE3A;
			productRefGroup = BE1E123617585691009BAE3A /* Products */;
			projectDirPath = "";
			projectRoot = "";
			targets = (
				BE1E123417585691009BAE3A /* MediaManager */,
			);
		};
/* End PBXProject section */

/* Begin PBXShellScriptBuildPhase section */
		BE1E130A175869E3009BAE3A /* ShellScript */ = {
			isa = PBXShellScriptBuildPhase;
			buildActionMask = 2147483647;
			files = (
			);
			inputPaths = (
			);
			outputPaths = (
			);
			runOnlyForDeploymentPostprocessing = 0;
			shellPath = /bin/sh;
			shellScript = "cp ./build/Debug-iphoneos/libMediaManager.a ./deploy/lib/\n\ncp ./MediaManager/MediaManager.h ./deploy/include/\ncp ./MediaManager/MediaManager2.h ./deploy/include/\ncp ./MediaManager/MediaVideoParam.h ./deploy/include/\ncp ./corelibs/Global.h ./deploy/include/\n\n\n";
		};
/* End PBXShellScriptBuildPhase section */

/* Begin PBXSourcesBuildPhase section */
		BE1E123117585691009BAE3A /* Sources */ = {
			isa = PBXSourcesBuildPhase;
			buildActionMask = 2147483647;
			files = (
				BE1E12FE1758663C009BAE3A /* KNAudioManager.m in Sources */,
				BE1E12FF1758663C009BAE3A /* KNFFmpegDecoder.m in Sources */,
				BE1E13001758663C009BAE3A /* KNFFMpegX264Encoder.m in Sources */,
				BE1E13021758663C009BAE3A /* KNSpeexCodec.m in Sources */,
				BE1E13031758663C009BAE3A /* KNAudioRingQueue.m in Sources */,
				BE1E13061758663C009BAE3A /* iOSGLView.mm in Sources */,
				BE1E13071758663C009BAE3A /* KNGLView.m in Sources */,
				BE1E13081758663C009BAE3A /* KNImageConvert.m in Sources */,
				BE1E13091758663C009BAE3A /* KNVideoManager.m in Sources */,
				BE1E124017585691009BAE3A /* MediaManager.m in Sources */,
				1DDA6CE21761F701006A8FDD /* KNX264Encoder.m in Sources */,
				1D4CD2001766B1FC0063E53F /* KNRtp.m in Sources */,
				1DFF390217A3F0A700AEAA41 /* KNVP8Encoder.m in Sources */,
				1DFF390517A3FD6B00AEAA41 /* MediaManager2.m in Sources */,
				1DFF390817A3FDE500AEAA41 /* MediaVideoParam.m in Sources */,
				1DFF392117A4408700AEAA41 /* KNVP8Decoder.m in Sources */,
			);
			runOnlyForDeploymentPostprocessing = 0;
		};
/* End PBXSourcesBuildPhase section */

/* Begin XCBuildConfiguration section */
		BE1E124117585691009BAE3A /* Debug */ = {
			isa = XCBuildConfiguration;
			buildSettings = {
				ALWAYS_SEARCH_USER_PATHS = NO;
				CLANG_CXX_LANGUAGE_STANDARD = "gnu++0x";
				CLANG_CXX_LIBRARY = "libc++";
				CLANG_WARN_CONSTANT_CONVERSION = YES;
				CLANG_WARN_EMPTY_BODY = YES;
				CLANG_WARN_ENUM_CONVERSION = YES;
				CLANG_WARN_INT_CONVERSION = YES;
				CLANG_WARN__DUPLICATE_METHOD_MATCH = YES;
				COPY_PHASE_STRIP = NO;
				GCC_C_LANGUAGE_STANDARD = gnu99;
				GCC_DYNAMIC_NO_PIC = NO;
				GCC_OPTIMIZATION_LEVEL = 0;
				GCC_PREPROCESSOR_DEFINITIONS = (
					"DEBUG=1",
					"$(inherited)",
				);
				GCC_SYMBOLS_PRIVATE_EXTERN = NO;
				GCC_WARN_ABOUT_RETURN_TYPE = YES;
				GCC_WARN_UNINITIALIZED_AUTOS = YES;
				GCC_WARN_UNUSED_VARIABLE = YES;
				IPHONEOS_DEPLOYMENT_TARGET = 5.0;
				ONLY_ACTIVE_ARCH = YES;
				SDKROOT = iphoneos;
			};
			name = Debug;
		};
		BE1E124217585691009BAE3A /* Release */ = {
			isa = XCBuildConfiguration;
			buildSettings = {
				ALWAYS_SEARCH_USER_PATHS = NO;
				CLANG_CXX_LANGUAGE_STANDARD = "gnu++0x";
				CLANG_CXX_LIBRARY = "libc++";
				CLANG_WARN_CONSTANT_CONVERSION = YES;
				CLANG_WARN_EMPTY_BODY = YES;
				CLANG_WARN_ENUM_CONVERSION = YES;
				CLANG_WARN_INT_CONVERSION = YES;
				CLANG_WARN__DUPLICATE_METHOD_MATCH = YES;
				COPY_PHASE_STRIP = YES;
				GCC_C_LANGUAGE_STANDARD = gnu99;
				GCC_WARN_ABOUT_RETURN_TYPE = YES;
				GCC_WARN_UNINITIALIZED_AUTOS = YES;
				GCC_WARN_UNUSED_VARIABLE = YES;
				IPHONEOS_DEPLOYMENT_TARGET = 5.0;
				SDKROOT = iphoneos;
				VALIDATE_PRODUCT = YES;
			};
			name = Release;
		};
		BE1E124417585691009BAE3A /* Debug */ = {
			isa = XCBuildConfiguration;
			buildSettings = {
				DSTROOT = /tmp/MediaManager.dst;
				GCC_PRECOMPILE_PREFIX_HEADER = YES;
				GCC_PREFIX_HEADER = "MediaManager/MediaManager-Prefix.pch";
				HEADER_SEARCH_PATHS = (
					./external/include,
					./external/include/speex,
					./external/include/libyuv,
					./external/include/vpx,
				);
				LIBRARY_SEARCH_PATHS = (
					"$(inherited)",
					"\"$(SRCROOT)/external/lib\"",
				);
				ONLY_ACTIVE_ARCH = NO;
				OTHER_LDFLAGS = "-ObjC";
				PRODUCT_NAME = "$(TARGET_NAME)";
				SKIP_INSTALL = YES;
				VALID_ARCHS = armv7;
			};
			name = Debug;
		};
		BE1E124517585691009BAE3A /* Release */ = {
			isa = XCBuildConfiguration;
			buildSettings = {
				DSTROOT = /tmp/MediaManager.dst;
				GCC_PRECOMPILE_PREFIX_HEADER = YES;
				GCC_PREFIX_HEADER = "MediaManager/MediaManager-Prefix.pch";
				HEADER_SEARCH_PATHS = (
					./external/include,
					./external/include/speex,
					./external/include/libyuv,
					./external/include/vpx,
				);
				LIBRARY_SEARCH_PATHS = (
					"$(inherited)",
					"\"$(SRCROOT)/external/lib\"",
				);
				ONLY_ACTIVE_ARCH = NO;
				OTHER_LDFLAGS = "-ObjC";
				PRODUCT_NAME = "$(TARGET_NAME)";
				SKIP_INSTALL = YES;
				VALID_ARCHS = armv7;
			};
			name = Release;
		};
/* End XCBuildConfiguration section */

/* Begin XCConfigurationList section */
		BE1E123017585691009BAE3A /* Build configuration list for PBXProject "MediaManager" */ = {
			isa = XCConfigurationList;
			buildConfigurations = (
				BE1E124117585691009BAE3A /* Debug */,
				BE1E124217585691009BAE3A /* Release */,
			);
			defaultConfigurationIsVisible = 0;
			defaultConfigurationName = Release;
		};
		BE1E124317585691009BAE3A /* Build configuration list for PBXNativeTarget "MediaManager" */ = {
			isa = XCConfigurationList;
			buildConfigurations = (
				BE1E124417585691009BAE3A /* Debug */,
				BE1E124517585691009BAE3A /* Release */,
			);
			defaultConfigurationIsVisible = 0;
			defaultConfigurationName = Release;
		};
/* End XCConfigurationList section */
	};
	rootObject = BE1E122D17585691009BAE3A /* Project object */;
}
