// !$*UTF8*$!
{
	archiveVersion = 1;
	classes = {
	};
	objectVersion = 46;
	objects = {

/* Begin PBXBuildFile section */
		1D4CD2001766B1FC0063E53F /* KNRtp.m in Sources */ = {isa = PBXBuildFile; fileRef = 1D4CD1FF1766B1FC0063E53F /* KNRtp.m */; };
		1DDA6CE21761F701006A8FDD /* KNX264Encoder.m in Sources */ = {isa = PBXBuildFile; fileRef = 1DDA6CE11761F701006A8FDD /* KNX264Encoder.m */; };
		1DFBFAE917A51C22008B8BD3 /* libavcodec.a in Frameworks */ = {isa = PBXBuildFile; fileRef = 1DFBFAD817A51C22008B8BD3 /* libavcodec.a */; };
		1DFBFAEA17A51C22008B8BD3 /* libavdevice.a in Frameworks */ = {isa = PBXBuildFile; fileRef = 1DFBFAD917A51C22008B8BD3 /* libavdevice.a */; };
		1DFBFAEB17A51C22008B8BD3 /* libavfilter.a in Frameworks */ = {isa = PBXBuildFile; fileRef = 1DFBFADA17A51C22008B8BD3 /* libavfilter.a */; };
		1DFBFAEC17A51C22008B8BD3 /* libavformat.a in Frameworks */ = {isa = PBXBuildFile; fileRef = 1DFBFADB17A51C22008B8BD3 /* libavformat.a */; };
		1DFBFAED17A51C22008B8BD3 /* libavutil.a in Frameworks */ = {isa = PBXBuildFile; fileRef = 1DFBFADC17A51C22008B8BD3 /* libavutil.a */; };
		1DFBFAEE17A51C22008B8BD3 /* libogg.a in Frameworks */ = {isa = PBXBuildFile; fileRef = 1DFBFADD17A51C22008B8BD3 /* libogg.a */; };
		1DFBFAEF17A51C22008B8BD3 /* libopus.a in Frameworks */ = {isa = PBXBuildFile; fileRef = 1DFBFADE17A51C22008B8BD3 /* libopus.a */; };
		1DFBFAF017A51C22008B8BD3 /* libspeex.a in Frameworks */ = {isa = PBXBuildFile; fileRef = 1DFBFADF17A51C22008B8BD3 /* libspeex.a */; };
		1DFBFAF117A51C22008B8BD3 /* libspeexdsp.a in Frameworks */ = {isa = PBXBuildFile; fileRef = 1DFBFAE017A51C22008B8BD3 /* libspeexdsp.a */; };
		1DFBFAF217A51C22008B8BD3 /* libswresample.a in Frameworks */ = {isa = PBXBuildFile; fileRef = 1DFBFAE117A51C22008B8BD3 /* libswresample.a */; };
		1DFBFAF317A51C22008B8BD3 /* libswscale.a in Frameworks */ = {isa = PBXBuildFile; fileRef = 1DFBFAE217A51C22008B8BD3 /* libswscale.a */; };
		1DFBFAF417A51C22008B8BD3 /* libtheora.a in Frameworks */ = {isa = PBXBuildFile; fileRef = 1DFBFAE317A51C22008B8BD3 /* libtheora.a */; };
		1DFBFAF517A51C22008B8BD3 /* libtheoradec.a in Frameworks */ = {isa = PBXBuildFile; fileRef = 1DFBFAE417A51C22008B8BD3 /* libtheoradec.a */; };
		1DFBFAF617A51C22008B8BD3 /* libtheoraenc.a in Frameworks */ = {isa = PBXBuildFile; fileRef = 1DFBFAE517A51C22008B8BD3 /* libtheoraenc.a */; };
		1DFBFAF717A51C22008B8BD3 /* libvpx.a in Frameworks */ = {isa = PBXBuildFile; fileRef = 1DFBFAE617A51C22008B8BD3 /* libvpx.a */; };
		1DFBFAF817A51C22008B8BD3 /* libx264.a in Frameworks */ = {isa = PBXBuildFile; fileRef = 1DFBFAE717A51C22008B8BD3 /* libx264.a */; };
		1DFBFAF917A51C22008B8BD3 /* libyuv.a in Frameworks */ = {isa = PBXBuildFile; fileRef = 1DFBFAE817A51C22008B8BD3 /* libyuv.a */; };
		1DFBFAFC17A51C61008B8BD3 /* KNOpusEncoder.m in Sources */ = {isa = PBXBuildFile; fileRef = 1DFBFAFB17A51C61008B8BD3 /* KNOpusEncoder.m */; };
		1DFBFAFF17A524C2008B8BD3 /* KNOpusDecoder.m in Sources */ = {isa = PBXBuildFile; fileRef = 1DFBFAFE17A524C2008B8BD3 /* KNOpusDecoder.m */; };
		1DFBFB0217A52A28008B8BD3 /* MediaAudioParam.m in Sources */ = {isa = PBXBuildFile; fileRef = 1DFBFB0117A52A28008B8BD3 /* MediaAudioParam.m */; };
		1DFF390217A3F0A700AEAA41 /* KNVP8Encoder.m in Sources */ = {isa = PBXBuildFile; fileRef = 1DFF390117A3F0A700AEAA41 /* KNVP8Encoder.m */; };
		1DFF390517A3FD6B00AEAA41 /* MediaManager2.m in Sources */ = {isa = PBXBuildFile; fileRef = 1DFF390417A3FD6B00AEAA41 /* MediaManager2.m */; };
		1DFF390817A3FDE500AEAA41 /* MediaVideoParam.m in Sources */ = {isa = PBXBuildFile; fileRef = 1DFF390717A3FDE500AEAA41 /* MediaVideoParam.m */; };
		1DFF392117A4408700AEAA41 /* KNVP8Decoder.m in Sources */ = {isa = PBXBuildFile; fileRef = 1DFF392017A4408600AEAA41 /* KNVP8Decoder.m */; };
		BE1E123917585691009BAE3A /* Foundation.framework in Frameworks */ = {isa = PBXBuildFile; fileRef = BE1E123817585691009BAE3A /* Foundation.framework */; };
		BE1E123E17585691009BAE3A /* MediaManager.h in CopyFiles */ = {isa = PBXBuildFile; fileRef = BE1E123D17585691009BAE3A /* MediaManager.h */; };
		BE1E124017585691009BAE3A /* MediaManager.m in Sources */ = {isa = PBXBuildFile; fileRef = BE1E123F17585691009BAE3A /* MediaManager.m */; };
		BE1E1249175856D3009BAE3A /* CoreAudio.framework in Frameworks */ = {isa = PBXBuildFile; fileRef = BE1E1246175856D3009BAE3A /* CoreAudio.framework */; };
		BE1E124A175856D3009BAE3A /* CoreMedia.framework in Frameworks */ = {isa = PBXBuildFile; fileRef = BE1E1247175856D3009BAE3A /* CoreMedia.framework */; };
		BE1E124B175856D3009BAE3A /* CoreVideo.framework in Frameworks */ = {isa = PBXBuildFile; fileRef = BE1E1248175856D3009BAE3A /* CoreVideo.framework */; };
		BE1E124D175856DD009BAE3A /* AudioToolbox.framework in Frameworks */ = {isa = PBXBuildFile; fileRef = BE1E124C175856DD009BAE3A /* AudioToolbox.framework */; };
		BE1E124F175856E0009BAE3A /* AVFoundation.framework in Frameworks */ = {isa = PBXBuildFile; fileRef = BE1E124E175856E0009BAE3A /* AVFoundation.framework */; };
		BE1E1251175856E5009BAE3A /* OpenGLES.framework in Frameworks */ = {isa = PBXBuildFile; fileRef = BE1E1250175856E5009BAE3A /* OpenGLES.framework */; };
		BE1E1253175856EE009BAE3A /* libresolv.dylib in Frameworks */ = {isa = PBXBuildFile; fileRef = BE1E1252175856EE009BAE3A /* libresolv.dylib */; };
		BE1E1255175856F3009BAE3A /* libz.1.1.3.dylib in Frameworks */ = {isa = PBXBuildFile; fileRef = BE1E1254175856F3009BAE3A /* libz.1.1.3.dylib */; };
		BE1E12FB17585967009BAE3A /* CoreGraphics.framework in Frameworks */ = {isa = PBXBuildFile; fileRef = BE1E12FA17585966009BAE3A /* CoreGraphics.framework */; };
		BE1E12FD1758596C009BAE3A /* UIKit.framework in Frameworks */ = {isa = PBXBuildFile; fileRef = BE1E12FC1758596C009BAE3A /* UIKit.framework */; };
		BE1E12FE1758663C009BAE3A /* KNAudioManager.m in Sources */ = {isa = PBXBuildFile; fileRef = BE1E125917585724009BAE3A /* KNAudioManager.m */; };
		BE1E12FF1758663C009BAE3A /* KNFFmpegDecoder.m in Sources */ = {isa = PBXBuildFile; fileRef = BE1E125C17585724009BAE3A /* KNFFmpegDecoder.m */; };
		BE1E13001758663C009BAE3A /* KNFFMpegX264Encoder.m in Sources */ = {isa = PBXBuildFile; fileRef = BE1E125E17585724009BAE3A /* KNFFMpegX264Encoder.m */; };
		BE1E13021758663C009BAE3A /* KNSpeexCodec.m in Sources */ = {isa = PBXBuildFile; fileRef = BE1E126217585724009BAE3A /* KNSpeexCodec.m */; };
		BE1E13031758663C009BAE3A /* KNAudioRingQueue.m in Sources */ = {isa = PBXBuildFile; fileRef = BE1E126517585724009BAE3A /* KNAudioRingQueue.m */; };
		BE1E13061758663C009BAE3A /* iOSGLView.mm in Sources */ = {isa = PBXBuildFile; fileRef = BE1E126C17585724009BAE3A /* iOSGLView.mm */; };
		BE1E13071758663C009BAE3A /* KNGLView.m in Sources */ = {isa = PBXBuildFile; fileRef = BE1E126E17585724009BAE3A /* KNGLView.m */; };
		BE1E13081758663C009BAE3A /* KNImageConvert.m in Sources */ = {isa = PBXBuildFile; fileRef = BE1E127017585724009BAE3A /* KNImageConvert.m */; };
		BE1E13091758663C009BAE3A /* KNVideoManager.m in Sources */ = {isa = PBXBuildFile; fileRef = BE1E127217585724009BAE3A /* KNVideoManager.m */; };
		BE1E135817586CDB009BAE3A /* Accelerate.framework in Frameworks */ = {isa = PBXBuildFile; fileRef = BE1E135717586CDB009BAE3A /* Accelerate.framework */; };
		BE1E135A17586CE0009BAE3A /* CoreImage.framework in Frameworks */ = {isa = PBXBuildFile; fileRef = BE1E135917586CE0009BAE3A /* CoreImage.framework */; };
		BE1E136B17586D03009BAE3A /* libstdc++.6.0.9.dylib in Frameworks */ = {isa = PBXBuildFile; fileRef = BE1E136A17586D03009BAE3A /* libstdc++.6.0.9.dylib */; };
		BE1E136D17586D51009BAE3A /* QuartzCore.framework in Frameworks */ = {isa = PBXBuildFile; fileRef = BE1E136C17586D51009BAE3A /* QuartzCore.framework */; };
/* End PBXBuildFile section */

/* Begin PBXCopyFilesBuildPhase section */
		BE1E123317585691009BAE3A /* CopyFiles */ = {
			isa = PBXCopyFilesBuildPhase;
			buildActionMask = 2147483647;
			dstPath = "include/${PRODUCT_NAME}";
			dstSubfolderSpec = 16;
			files = (
				BE1E123E17585691009BAE3A /* MediaManager.h in CopyFiles */,
			);
			runOnlyForDeploymentPostprocessing = 0;
		};
/* End PBXCopyFilesBuildPhase section */

/* Begin PBXFileReference section */
		1D4CD1FE1766B1FC0063E53F /* KNRtp.h */ = {isa = PBXFileReference; fileEncoding = 4; lastKnownFileType = sourcecode.c.h; path = KNRtp.h; sourceTree = "<group>"; };
		1D4CD1FF1766B1FC0063E53F /* KNRtp.m */ = {isa = PBXFileReference; fileEncoding = 4; lastKnownFileType = sourcecode.c.objc; path = KNRtp.m; sourceTree = "<group>"; };
		1D4CD2011766C4B80063E53F /* Global.h */ = {isa = PBXFileReference; lastKnownFileType = sourcecode.c.h; path = Global.h; sourceTree = "<group>"; };
		1DDA6CE01761F700006A8FDD /* KNX264Encoder.h */ = {isa = PBXFileReference; fileEncoding = 4; lastKnownFileType = sourcecode.c.h; path = KNX264Encoder.h; sourceTree = "<group>"; };
		1DDA6CE11761F701006A8FDD /* KNX264Encoder.m */ = {isa = PBXFileReference; fileEncoding = 4; lastKnownFileType = sourcecode.c.objc; path = KNX264Encoder.m; sourceTree = "<group>"; };
		1DFBFA4D17A51C22008B8BD3 /* avcodec.h */ = {isa = PBXFileReference; fileEncoding = 4; lastKnownFileType = sourcecode.c.h; path = avcodec.h; sourceTree = "<group>"; };
		1DFBFA4E17A51C22008B8BD3 /* avfft.h */ = {isa = PBXFileReference; fileEncoding = 4; lastKnownFileType = sourcecode.c.h; path = avfft.h; sourceTree = "<group>"; };
		1DFBFA4F17A51C22008B8BD3 /* dxva2.h */ = {isa = PBXFileReference; fileEncoding = 4; lastKnownFileType = sourcecode.c.h; path = dxva2.h; sourceTree = "<group>"; };
		1DFBFA5017A51C22008B8BD3 /* old_codec_ids.h */ = {isa = PBXFileReference; fileEncoding = 4; lastKnownFileType = sourcecode.c.h; path = old_codec_ids.h; sourceTree = "<group>"; };
		1DFBFA5117A51C22008B8BD3 /* opt.h */ = {isa = PBXFileReference; fileEncoding = 4; lastKnownFileType = sourcecode.c.h; path = opt.h; sourceTree = "<group>"; };
		1DFBFA5217A51C22008B8BD3 /* vaapi.h */ = {isa = PBXFileReference; fileEncoding = 4; lastKnownFileType = sourcecode.c.h; path = vaapi.h; sourceTree = "<group>"; };
		1DFBFA5317A51C22008B8BD3 /* vda.h */ = {isa = PBXFileReference; fileEncoding = 4; lastKnownFileType = sourcecode.c.h; path = vda.h; sourceTree = "<group>"; };
		1DFBFA5417A51C22008B8BD3 /* vdpau.h */ = {isa = PBXFileReference; fileEncoding = 4; lastKnownFileType = sourcecode.c.h; path = vdpau.h; sourceTree = "<group>"; };
		1DFBFA5517A51C22008B8BD3 /* version.h */ = {isa = PBXFileReference; fileEncoding = 4; lastKnownFileType = sourcecode.c.h; path = version.h; sourceTree = "<group>"; };
		1DFBFA5617A51C22008B8BD3 /* xvmc.h */ = {isa = PBXFileReference; fileEncoding = 4; lastKnownFileType = sourcecode.c.h; path = xvmc.h; sourceTree = "<group>"; };
		1DFBFA5817A51C22008B8BD3 /* avdevice.h */ = {isa = PBXFileReference; fileEncoding = 4; lastKnownFileType = sourcecode.c.h; path = avdevice.h; sourceTree = "<group>"; };
		1DFBFA5917A51C22008B8BD3 /* version.h */ = {isa = PBXFileReference; fileEncoding = 4; lastKnownFileType = sourcecode.c.h; path = version.h; sourceTree = "<group>"; };
		1DFBFA5B17A51C22008B8BD3 /* asrc_abuffer.h */ = {isa = PBXFileReference; fileEncoding = 4; lastKnownFileType = sourcecode.c.h; path = asrc_abuffer.h; sourceTree = "<group>"; };
		1DFBFA5C17A51C22008B8BD3 /* avcodec.h */ = {isa = PBXFileReference; fileEncoding = 4; lastKnownFileType = sourcecode.c.h; path = avcodec.h; sourceTree = "<group>"; };
		1DFBFA5D17A51C22008B8BD3 /* avfilter.h */ = {isa = PBXFileReference; fileEncoding = 4; lastKnownFileType = sourcecode.c.h; path = avfilter.h; sourceTree = "<group>"; };
		1DFBFA5E17A51C22008B8BD3 /* avfiltergraph.h */ = {isa = PBXFileReference; fileEncoding = 4; lastKnownFileType = sourcecode.c.h; path = avfiltergraph.h; sourceTree = "<group>"; };
		1DFBFA5F17A51C22008B8BD3 /* buffersink.h */ = {isa = PBXFileReference; fileEncoding = 4; lastKnownFileType = sourcecode.c.h; path = buffersink.h; sourceTree = "<group>"; };
		1DFBFA6017A51C22008B8BD3 /* buffersrc.h */ = {isa = PBXFileReference; fileEncoding = 4; lastKnownFileType = sourcecode.c.h; path = buffersrc.h; sourceTree = "<group>"; };
		1DFBFA6117A51C22008B8BD3 /* version.h */ = {isa = PBXFileReference; fileEncoding = 4; lastKnownFileType = sourcecode.c.h; path = version.h; sourceTree = "<group>"; };
		1DFBFA6317A51C22008B8BD3 /* avformat.h */ = {isa = PBXFileReference; fileEncoding = 4; lastKnownFileType = sourcecode.c.h; path = avformat.h; sourceTree = "<group>"; };
		1DFBFA6417A51C22008B8BD3 /* avio.h */ = {isa = PBXFileReference; fileEncoding = 4; lastKnownFileType = sourcecode.c.h; path = avio.h; sourceTree = "<group>"; };
		1DFBFA6517A51C22008B8BD3 /* version.h */ = {isa = PBXFileReference; fileEncoding = 4; lastKnownFileType = sourcecode.c.h; path = version.h; sourceTree = "<group>"; };
		1DFBFA6717A51C22008B8BD3 /* adler32.h */ = {isa = PBXFileReference; fileEncoding = 4; lastKnownFileType = sourcecode.c.h; path = adler32.h; sourceTree = "<group>"; };
		1DFBFA6817A51C22008B8BD3 /* aes.h */ = {isa = PBXFileReference; fileEncoding = 4; lastKnownFileType = sourcecode.c.h; path = aes.h; sourceTree = "<group>"; };
		1DFBFA6917A51C22008B8BD3 /* attributes.h */ = {isa = PBXFileReference; fileEncoding = 4; lastKnownFileType = sourcecode.c.h; path = attributes.h; sourceTree = "<group>"; };
		1DFBFA6A17A51C22008B8BD3 /* audio_fifo.h */ = {isa = PBXFileReference; fileEncoding = 4; lastKnownFileType = sourcecode.c.h; path = audio_fifo.h; sourceTree = "<group>"; };
		1DFBFA6B17A51C22008B8BD3 /* audioconvert.h */ = {isa = PBXFileReference; fileEncoding = 4; lastKnownFileType = sourcecode.c.h; path = audioconvert.h; sourceTree = "<group>"; };
		1DFBFA6C17A51C22008B8BD3 /* avassert.h */ = {isa = PBXFileReference; fileEncoding = 4; lastKnownFileType = sourcecode.c.h; path = avassert.h; sourceTree = "<group>"; };
		1DFBFA6D17A51C22008B8BD3 /* avconfig.h */ = {isa = PBXFileReference; fileEncoding = 4; lastKnownFileType = sourcecode.c.h; path = avconfig.h; sourceTree = "<group>"; };
		1DFBFA6E17A51C22008B8BD3 /* avstring.h */ = {isa = PBXFileReference; fileEncoding = 4; lastKnownFileType = sourcecode.c.h; path = avstring.h; sourceTree = "<group>"; };
		1DFBFA6F17A51C22008B8BD3 /* avutil.h */ = {isa = PBXFileReference; fileEncoding = 4; lastKnownFileType = sourcecode.c.h; path = avutil.h; sourceTree = "<group>"; };
		1DFBFA7017A51C22008B8BD3 /* base64.h */ = {isa = PBXFileReference; fileEncoding = 4; lastKnownFileType = sourcecode.c.h; path = base64.h; sourceTree = "<group>"; };
		1DFBFA7117A51C22008B8BD3 /* blowfish.h */ = {isa = PBXFileReference; fileEncoding = 4; lastKnownFileType = sourcecode.c.h; path = blowfish.h; sourceTree = "<group>"; };
		1DFBFA7217A51C22008B8BD3 /* bprint.h */ = {isa = PBXFileReference; fileEncoding = 4; lastKnownFileType = sourcecode.c.h; path = bprint.h; sourceTree = "<group>"; };
		1DFBFA7317A51C22008B8BD3 /* bswap.h */ = {isa = PBXFileReference; fileEncoding = 4; lastKnownFileType = sourcecode.c.h; path = bswap.h; sourceTree = "<group>"; };
		1DFBFA7417A51C22008B8BD3 /* common.h */ = {isa = PBXFileReference; fileEncoding = 4; lastKnownFileType = sourcecode.c.h; path = common.h; sourceTree = "<group>"; };
		1DFBFA7517A51C22008B8BD3 /* cpu.h */ = {isa = PBXFileReference; fileEncoding = 4; lastKnownFileType = sourcecode.c.h; path = cpu.h; sourceTree = "<group>"; };
		1DFBFA7617A51C22008B8BD3 /* crc.h */ = {isa = PBXFileReference; fileEncoding = 4; lastKnownFileType = sourcecode.c.h; path = crc.h; sourceTree = "<group>"; };
		1DFBFA7717A51C22008B8BD3 /* dict.h */ = {isa = PBXFileReference; fileEncoding = 4; lastKnownFileType = sourcecode.c.h; path = dict.h; sourceTree = "<group>"; };
		1DFBFA7817A51C22008B8BD3 /* error.h */ = {isa = PBXFileReference; fileEncoding = 4; lastKnownFileType = sourcecode.c.h; path = error.h; sourceTree = "<group>"; };
		1DFBFA7917A51C22008B8BD3 /* eval.h */ = {isa = PBXFileReference; fileEncoding = 4; lastKnownFileType = sourcecode.c.h; path = eval.h; sourceTree = "<group>"; };
		1DFBFA7A17A51C22008B8BD3 /* fifo.h */ = {isa = PBXFileReference; fileEncoding = 4; lastKnownFileType = sourcecode.c.h; path = fifo.h; sourceTree = "<group>"; };
		1DFBFA7B17A51C22008B8BD3 /* file.h */ = {isa = PBXFileReference; fileEncoding = 4; lastKnownFileType = sourcecode.c.h; path = file.h; sourceTree = "<group>"; };
		1DFBFA7C17A51C22008B8BD3 /* imgutils.h */ = {isa = PBXFileReference; fileEncoding = 4; lastKnownFileType = sourcecode.c.h; path = imgutils.h; sourceTree = "<group>"; };
		1DFBFA7D17A51C22008B8BD3 /* intfloat.h */ = {isa = PBXFileReference; fileEncoding = 4; lastKnownFileType = sourcecode.c.h; path = intfloat.h; sourceTree = "<group>"; };
		1DFBFA7E17A51C22008B8BD3 /* intfloat_readwrite.h */ = {isa = PBXFileReference; fileEncoding = 4; lastKnownFileType = sourcecode.c.h; path = intfloat_readwrite.h; sourceTree = "<group>"; };
		1DFBFA7F17A51C22008B8BD3 /* intreadwrite.h */ = {isa = PBXFileReference; fileEncoding = 4; lastKnownFileType = sourcecode.c.h; path = intreadwrite.h; sourceTree = "<group>"; };
		1DFBFA8017A51C22008B8BD3 /* lfg.h */ = {isa = PBXFileReference; fileEncoding = 4; lastKnownFileType = sourcecode.c.h; path = lfg.h; sourceTree = "<group>"; };
		1DFBFA8117A51C22008B8BD3 /* log.h */ = {isa = PBXFileReference; fileEncoding = 4; lastKnownFileType = sourcecode.c.h; path = log.h; sourceTree = "<group>"; };
		1DFBFA8217A51C22008B8BD3 /* lzo.h */ = {isa = PBXFileReference; fileEncoding = 4; lastKnownFileType = sourcecode.c.h; path = lzo.h; sourceTree = "<group>"; };
		1DFBFA8317A51C22008B8BD3 /* mathematics.h */ = {isa = PBXFileReference; fileEncoding = 4; lastKnownFileType = sourcecode.c.h; path = mathematics.h; sourceTree = "<group>"; };
		1DFBFA8417A51C22008B8BD3 /* md5.h */ = {isa = PBXFileReference; fileEncoding = 4; lastKnownFileType = sourcecode.c.h; path = md5.h; sourceTree = "<group>"; };
		1DFBFA8517A51C22008B8BD3 /* mem.h */ = {isa = PBXFileReference; fileEncoding = 4; lastKnownFileType = sourcecode.c.h; path = mem.h; sourceTree = "<group>"; };
		1DFBFA8617A51C22008B8BD3 /* opt.h */ = {isa = PBXFileReference; fileEncoding = 4; lastKnownFileType = sourcecode.c.h; path = opt.h; sourceTree = "<group>"; };
		1DFBFA8717A51C22008B8BD3 /* parseutils.h */ = {isa = PBXFileReference; fileEncoding = 4; lastKnownFileType = sourcecode.c.h; path = parseutils.h; sourceTree = "<group>"; };
		1DFBFA8817A51C22008B8BD3 /* pixdesc.h */ = {isa = PBXFileReference; fileEncoding = 4; lastKnownFileType = sourcecode.c.h; path = pixdesc.h; sourceTree = "<group>"; };
		1DFBFA8917A51C22008B8BD3 /* pixfmt.h */ = {isa = PBXFileReference; fileEncoding = 4; lastKnownFileType = sourcecode.c.h; path = pixfmt.h; sourceTree = "<group>"; };
		1DFBFA8A17A51C22008B8BD3 /* random_seed.h */ = {isa = PBXFileReference; fileEncoding = 4; lastKnownFileType = sourcecode.c.h; path = random_seed.h; sourceTree = "<group>"; };
		1DFBFA8B17A51C22008B8BD3 /* rational.h */ = {isa = PBXFileReference; fileEncoding = 4; lastKnownFileType = sourcecode.c.h; path = rational.h; sourceTree = "<group>"; };
		1DFBFA8C17A51C22008B8BD3 /* samplefmt.h */ = {isa = PBXFileReference; fileEncoding = 4; lastKnownFileType = sourcecode.c.h; path = samplefmt.h; sourceTree = "<group>"; };
		1DFBFA8D17A51C22008B8BD3 /* sha.h */ = {isa = PBXFileReference; fileEncoding = 4; lastKnownFileType = sourcecode.c.h; path = sha.h; sourceTree = "<group>"; };
		1DFBFA8E17A51C22008B8BD3 /* sha1.h */ = {isa = PBXFileReference; fileEncoding = 4; lastKnownFileType = sourcecode.c.h; path = sha1.h; sourceTree = "<group>"; };
		1DFBFA8F17A51C22008B8BD3 /* time.h */ = {isa = PBXFileReference; fileEncoding = 4; lastKnownFileType = sourcecode.c.h; path = time.h; sourceTree = "<group>"; };
		1DFBFA9017A51C22008B8BD3 /* timecode.h */ = {isa = PBXFileReference; fileEncoding = 4; lastKnownFileType = sourcecode.c.h; path = timecode.h; sourceTree = "<group>"; };
		1DFBFA9117A51C22008B8BD3 /* timestamp.h */ = {isa = PBXFileReference; fileEncoding = 4; lastKnownFileType = sourcecode.c.h; path = timestamp.h; sourceTree = "<group>"; };
		1DFBFA9217A51C22008B8BD3 /* version.h */ = {isa = PBXFileReference; fileEncoding = 4; lastKnownFileType = sourcecode.c.h; path = version.h; sourceTree = "<group>"; };
		1DFBFA9317A51C22008B8BD3 /* xtea.h */ = {isa = PBXFileReference; fileEncoding = 4; lastKnownFileType = sourcecode.c.h; path = xtea.h; sourceTree = "<group>"; };
		1DFBFA9517A51C22008B8BD3 /* swresample.h */ = {isa = PBXFileReference; fileEncoding = 4; lastKnownFileType = sourcecode.c.h; path = swresample.h; sourceTree = "<group>"; };
		1DFBFA9717A51C22008B8BD3 /* swscale.h */ = {isa = PBXFileReference; fileEncoding = 4; lastKnownFileType = sourcecode.c.h; path = swscale.h; sourceTree = "<group>"; };
		1DFBFA9817A51C22008B8BD3 /* version.h */ = {isa = PBXFileReference; fileEncoding = 4; lastKnownFileType = sourcecode.c.h; path = version.h; sourceTree = "<group>"; };
		1DFBFA9B17A51C22008B8BD3 /* basic_types.h */ = {isa = PBXFileReference; fileEncoding = 4; lastKnownFileType = sourcecode.c.h; path = basic_types.h; sourceTree = "<group>"; };
		1DFBFA9C17A51C22008B8BD3 /* compare.h */ = {isa = PBXFileReference; fileEncoding = 4; lastKnownFileType = sourcecode.c.h; path = compare.h; sourceTree = "<group>"; };
		1DFBFA9D17A51C22008B8BD3 /* convert.h */ = {isa = PBXFileReference; fileEncoding = 4; lastKnownFileType = sourcecode.c.h; path = convert.h; sourceTree = "<group>"; };
		1DFBFA9E17A51C22008B8BD3 /* convert_argb.h */ = {isa = PBXFileReference; fileEncoding = 4; lastKnownFileType = sourcecode.c.h; path = convert_argb.h; sourceTree = "<group>"; };
		1DFBFA9F17A51C22008B8BD3 /* convert_from.h */ = {isa = PBXFileReference; fileEncoding = 4; lastKnownFileType = sourcecode.c.h; path = convert_from.h; sourceTree = "<group>"; };
		1DFBFAA017A51C22008B8BD3 /* cpu_id.h */ = {isa = PBXFileReference; fileEncoding = 4; lastKnownFileType = sourcecode.c.h; path = cpu_id.h; sourceTree = "<group>"; };
		1DFBFAA117A51C22008B8BD3 /* format_conversion.h */ = {isa = PBXFileReference; fileEncoding = 4; lastKnownFileType = sourcecode.c.h; path = format_conversion.h; sourceTree = "<group>"; };
		1DFBFAA217A51C22008B8BD3 /* mjpeg_decoder.h */ = {isa = PBXFileReference; fileEncoding = 4; lastKnownFileType = sourcecode.c.h; path = mjpeg_decoder.h; sourceTree = "<group>"; };
		1DFBFAA317A51C22008B8BD3 /* planar_functions.h */ = {isa = PBXFileReference; fileEncoding = 4; lastKnownFileType = sourcecode.c.h; path = planar_functions.h; sourceTree = "<group>"; };
		1DFBFAA417A51C22008B8BD3 /* rotate.h */ = {isa = PBXFileReference; fileEncoding = 4; lastKnownFileType = sourcecode.c.h; path = rotate.h; sourceTree = "<group>"; };
		1DFBFAA517A51C22008B8BD3 /* rotate_argb.h */ = {isa = PBXFileReference; fileEncoding = 4; lastKnownFileType = sourcecode.c.h; path = rotate_argb.h; sourceTree = "<group>"; };
		1DFBFAA617A51C22008B8BD3 /* scale.h */ = {isa = PBXFileReference; fileEncoding = 4; lastKnownFileType = sourcecode.c.h; path = scale.h; sourceTree = "<group>"; };
		1DFBFAA717A51C22008B8BD3 /* scale_argb.h */ = {isa = PBXFileReference; fileEncoding = 4; lastKnownFileType = sourcecode.c.h; path = scale_argb.h; sourceTree = "<group>"; };
		1DFBFAA817A51C22008B8BD3 /* version.h */ = {isa = PBXFileReference; fileEncoding = 4; lastKnownFileType = sourcecode.c.h; path = version.h; sourceTree = "<group>"; };
		1DFBFAA917A51C22008B8BD3 /* video_common.h */ = {isa = PBXFileReference; fileEncoding = 4; lastKnownFileType = sourcecode.c.h; path = video_common.h; sourceTree = "<group>"; };
		1DFBFAAA17A51C22008B8BD3 /* libyuv.h */ = {isa = PBXFileReference; fileEncoding = 4; lastKnownFileType = sourcecode.c.h; path = libyuv.h; sourceTree = "<group>"; };
		1DFBFAAC17A51C22008B8BD3 /* config_types.h */ = {isa = PBXFileReference; fileEncoding = 4; lastKnownFileType = sourcecode.c.h; path = config_types.h; sourceTree = "<group>"; };
		1DFBFAAD17A51C22008B8BD3 /* ogg.h */ = {isa = PBXFileReference; fileEncoding = 4; lastKnownFileType = sourcecode.c.h; path = ogg.h; sourceTree = "<group>"; };
		1DFBFAAE17A51C22008B8BD3 /* os_types.h */ = {isa = PBXFileReference; fileEncoding = 4; lastKnownFileType = sourcecode.c.h; path = os_types.h; sourceTree = "<group>"; };
		1DFBFAB017A51C22008B8BD3 /* opus.h */ = {isa = PBXFileReference; fileEncoding = 4; lastKnownFileType = sourcecode.c.h; path = opus.h; sourceTree = "<group>"; };
		1DFBFAB117A51C22008B8BD3 /* opus_custom.h */ = {isa = PBXFileReference; fileEncoding = 4; lastKnownFileType = sourcecode.c.h; path = opus_custom.h; sourceTree = "<group>"; };
		1DFBFAB217A51C22008B8BD3 /* opus_defines.h */ = {isa = PBXFileReference; fileEncoding = 4; lastKnownFileType = sourcecode.c.h; path = opus_defines.h; sourceTree = "<group>"; };
		1DFBFAB317A51C22008B8BD3 /* opus_multistream.h */ = {isa = PBXFileReference; fileEncoding = 4; lastKnownFileType = sourcecode.c.h; path = opus_multistream.h; sourceTree = "<group>"; };
		1DFBFAB417A51C22008B8BD3 /* opus_types.h */ = {isa = PBXFileReference; fileEncoding = 4; lastKnownFileType = sourcecode.c.h; path = opus_types.h; sourceTree = "<group>"; };
		1DFBFAB717A51C22008B8BD3 /* speex_bits.h */ = {isa = PBXFileReference; fileEncoding = 4; lastKnownFileType = sourcecode.c.h; path = speex_bits.h; sourceTree = "<group>"; };
		1DFBFAB817A51C22008B8BD3 /* speex_buffer.h */ = {isa = PBXFileReference; fileEncoding = 4; lastKnownFileType = sourcecode.c.h; path = speex_buffer.h; sourceTree = "<group>"; };
		1DFBFAB917A51C22008B8BD3 /* speex_callbacks.h */ = {isa = PBXFileReference; fileEncoding = 4; lastKnownFileType = sourcecode.c.h; path = speex_callbacks.h; sourceTree = "<group>"; };
		1DFBFABA17A51C22008B8BD3 /* speex_echo.h */ = {isa = PBXFileReference; fileEncoding = 4; lastKnownFileType = sourcecode.c.h; path = speex_echo.h; sourceTree = "<group>"; };
		1DFBFABB17A51C22008B8BD3 /* speex_header.h */ = {isa = PBXFileReference; fileEncoding = 4; lastKnownFileType = sourcecode.c.h; path = speex_header.h; sourceTree = "<group>"; };
		1DFBFABC17A51C22008B8BD3 /* speex_jitter.h */ = {isa = PBXFileReference; fileEncoding = 4; lastKnownFileType = sourcecode.c.h; path = speex_jitter.h; sourceTree = "<group>"; };
		1DFBFABD17A51C22008B8BD3 /* speex_preprocess.h */ = {isa = PBXFileReference; fileEncoding = 4; lastKnownFileType = sourcecode.c.h; path = speex_preprocess.h; sourceTree = "<group>"; };
		1DFBFABE17A51C22008B8BD3 /* speex_resampler.h */ = {isa = PBXFileReference; fileEncoding = 4; lastKnownFileType = sourcecode.c.h; path = speex_resampler.h; sourceTree = "<group>"; };
		1DFBFABF17A51C22008B8BD3 /* speex_stereo.h */ = {isa = PBXFileReference; fileEncoding = 4; lastKnownFileType = sourcecode.c.h; path = speex_stereo.h; sourceTree = "<group>"; };
		1DFBFAC017A51C22008B8BD3 /* speex_types.h */ = {isa = PBXFileReference; fileEncoding = 4; lastKnownFileType = sourcecode.c.h; path = speex_types.h; sourceTree = "<group>"; };
		1DFBFAC117A51C22008B8BD3 /* speex.h */ = {isa = PBXFileReference; fileEncoding = 4; lastKnownFileType = sourcecode.c.h; path = speex.h; sourceTree = "<group>"; };
		1DFBFAC317A51C22008B8BD3 /* codec.h */ = {isa = PBXFileReference; fileEncoding = 4; lastKnownFileType = sourcecode.c.h; path = codec.h; sourceTree = "<group>"; };
		1DFBFAC417A51C22008B8BD3 /* theora.h */ = {isa = PBXFileReference; fileEncoding = 4; lastKnownFileType = sourcecode.c.h; path = theora.h; sourceTree = "<group>"; };
		1DFBFAC517A51C22008B8BD3 /* theoradec.h */ = {isa = PBXFileReference; fileEncoding = 4; lastKnownFileType = sourcecode.c.h; path = theoradec.h; sourceTree = "<group>"; };
		1DFBFAC617A51C22008B8BD3 /* theoraenc.h */ = {isa = PBXFileReference; fileEncoding = 4; lastKnownFileType = sourcecode.c.h; path = theoraenc.h; sourceTree = "<group>"; };
		1DFBFAC817A51C22008B8BD3 /* vp8.h */ = {isa = PBXFileReference; fileEncoding = 4; lastKnownFileType = sourcecode.c.h; path = vp8.h; sourceTree = "<group>"; };
		1DFBFAC917A51C22008B8BD3 /* vp8cx.h */ = {isa = PBXFileReference; fileEncoding = 4; lastKnownFileType = sourcecode.c.h; path = vp8cx.h; sourceTree = "<group>"; };
		1DFBFACA17A51C22008B8BD3 /* vp8dx.h */ = {isa = PBXFileReference; fileEncoding = 4; lastKnownFileType = sourcecode.c.h; path = vp8dx.h; sourceTree = "<group>"; };
		1DFBFACB17A51C22008B8BD3 /* vp8e.h */ = {isa = PBXFileReference; fileEncoding = 4; lastKnownFileType = sourcecode.c.h; path = vp8e.h; sourceTree = "<group>"; };
		1DFBFACC17A51C22008B8BD3 /* vpx_codec.h */ = {isa = PBXFileReference; fileEncoding = 4; lastKnownFileType = sourcecode.c.h; path = vpx_codec.h; sourceTree = "<group>"; };
		1DFBFACD17A51C22008B8BD3 /* vpx_codec_impl_bottom.h */ = {isa = PBXFileReference; fileEncoding = 4; lastKnownFileType = sourcecode.c.h; path = vpx_codec_impl_bottom.h; sourceTree = "<group>"; };
		1DFBFACE17A51C22008B8BD3 /* vpx_codec_impl_top.h */ = {isa = PBXFileReference; fileEncoding = 4; lastKnownFileType = sourcecode.c.h; path = vpx_codec_impl_top.h; sourceTree = "<group>"; };
		1DFBFACF17A51C22008B8BD3 /* vpx_decoder.h */ = {isa = PBXFileReference; fileEncoding = 4; lastKnownFileType = sourcecode.c.h; path = vpx_decoder.h; sourceTree = "<group>"; };
		1DFBFAD017A51C22008B8BD3 /* vpx_decoder_compat.h */ = {isa = PBXFileReference; fileEncoding = 4; lastKnownFileType = sourcecode.c.h; path = vpx_decoder_compat.h; sourceTree = "<group>"; };
		1DFBFAD117A51C22008B8BD3 /* vpx_encoder.h */ = {isa = PBXFileReference; fileEncoding = 4; lastKnownFileType = sourcecode.c.h; path = vpx_encoder.h; sourceTree = "<group>"; };
		1DFBFAD217A51C22008B8BD3 /* vpx_image.h */ = {isa = PBXFileReference; fileEncoding = 4; lastKnownFileType = sourcecode.c.h; path = vpx_image.h; sourceTree = "<group>"; };
		1DFBFAD317A51C22008B8BD3 /* vpx_integer.h */ = {isa = PBXFileReference; fileEncoding = 4; lastKnownFileType = sourcecode.c.h; path = vpx_integer.h; sourceTree = "<group>"; };
		1DFBFAD517A51C22008B8BD3 /* x264.h */ = {isa = PBXFileReference; fileEncoding = 4; lastKnownFileType = sourcecode.c.h; path = x264.h; sourceTree = "<group>"; };
		1DFBFAD617A51C22008B8BD3 /* x264_config.h */ = {isa = PBXFileReference; fileEncoding = 4; lastKnownFileType = sourcecode.c.h; path = x264_config.h; sourceTree = "<group>"; };
		1DFBFAD817A51C22008B8BD3 /* libavcodec.a */ = {isa = PBXFileReference; lastKnownFileType = archive.ar; path = libavcodec.a; sourceTree = "<group>"; };
		1DFBFAD917A51C22008B8BD3 /* libavdevice.a */ = {isa = PBXFileReference; lastKnownFileType = archive.ar; path = libavdevice.a; sourceTree = "<group>"; };
		1DFBFADA17A51C22008B8BD3 /* libavfilter.a */ = {isa = PBXFileReference; lastKnownFileType = archive.ar; path = libavfilter.a; sourceTree = "<group>"; };
		1DFBFADB17A51C22008B8BD3 /* libavformat.a */ = {isa = PBXFileReference; lastKnownFileType = archive.ar; path = libavformat.a; sourceTree = "<group>"; };
		1DFBFADC17A51C22008B8BD3 /* libavutil.a */ = {isa = PBXFileReference; lastKnownFileType = archive.ar; path = libavutil.a; sourceTree = "<group>"; };
		1DFBFADD17A51C22008B8BD3 /* libogg.a */ = {isa = PBXFileReference; lastKnownFileType = archive.ar; path = libogg.a; sourceTree = "<group>"; };
		1DFBFADE17A51C22008B8BD3 /* libopus.a */ = {isa = PBXFileReference; lastKnownFileType = archive.ar; path = libopus.a; sourceTree = "<group>"; };
		1DFBFADF17A51C22008B8BD3 /* libspeex.a */ = {isa = PBXFileReference; lastKnownFileType = archive.ar; path = libspeex.a; sourceTree = "<group>"; };
		1DFBFAE017A51C22008B8BD3 /* libspeexdsp.a */ = {isa = PBXFileReference; lastKnownFileType = archive.ar; path = libspeexdsp.a; sourceTree = "<group>"; };
		1DFBFAE117A51C22008B8BD3 /* libswresample.a */ = {isa = PBXFileReference; lastKnownFileType = archive.ar; path = libswresample.a; sourceTree = "<group>"; };
		1DFBFAE217A51C22008B8BD3 /* libswscale.a */ = {isa = PBXFileReference; lastKnownFileType = archive.ar; path = libswscale.a; sourceTree = "<group>"; };
		1DFBFAE317A51C22008B8BD3 /* libtheora.a */ = {isa = PBXFileReference; lastKnownFileType = archive.ar; path = libtheora.a; sourceTree = "<group>"; };
		1DFBFAE417A51C22008B8BD3 /* libtheoradec.a */ = {isa = PBXFileReference; lastKnownFileType = archive.ar; path = libtheoradec.a; sourceTree = "<group>"; };
		1DFBFAE517A51C22008B8BD3 /* libtheoraenc.a */ = {isa = PBXFileReference; lastKnownFileType = archive.ar; path = libtheoraenc.a; sourceTree = "<group>"; };
		1DFBFAE617A51C22008B8BD3 /* libvpx.a */ = {isa = PBXFileReference; lastKnownFileType = archive.ar; path = libvpx.a; sourceTree = "<group>"; };
		1DFBFAE717A51C22008B8BD3 /* libx264.a */ = {isa = PBXFileReference; lastKnownFileType = archive.ar; path = libx264.a; sourceTree = "<group>"; };
		1DFBFAE817A51C22008B8BD3 /* libyuv.a */ = {isa = PBXFileReference; lastKnownFileType = archive.ar; path = libyuv.a; sourceTree = "<group>"; };
		1DFBFAFA17A51C61008B8BD3 /* KNOpusEncoder.h */ = {isa = PBXFileReference; fileEncoding = 4; lastKnownFileType = sourcecode.c.h; path = KNOpusEncoder.h; sourceTree = "<group>"; };
		1DFBFAFB17A51C61008B8BD3 /* KNOpusEncoder.m */ = {isa = PBXFileReference; fileEncoding = 4; lastKnownFileType = sourcecode.c.objc; path = KNOpusEncoder.m; sourceTree = "<group>"; };
		1DFBFAFD17A524C2008B8BD3 /* KNOpusDecoder.h */ = {isa = PBXFileReference; fileEncoding = 4; lastKnownFileType = sourcecode.c.h; path = KNOpusDecoder.h; sourceTree = "<group>"; };
		1DFBFAFE17A524C2008B8BD3 /* KNOpusDecoder.m */ = {isa = PBXFileReference; fileEncoding = 4; lastKnownFileType = sourcecode.c.objc; path = KNOpusDecoder.m; sourceTree = "<group>"; };
		1DFBFB0017A52A28008B8BD3 /* MediaAudioParam.h */ = {isa = PBXFileReference; fileEncoding = 4; lastKnownFileType = sourcecode.c.h; path = MediaAudioParam.h; sourceTree = "<group>"; };
		1DFBFB0117A52A28008B8BD3 /* MediaAudioParam.m */ = {isa = PBXFileReference; fileEncoding = 4; lastKnownFileType = sourcecode.c.objc; path = MediaAudioParam.m; sourceTree = "<group>"; };
		1DFF390017A3F0A700AEAA41 /* KNVP8Encoder.h */ = {isa = PBXFileReference; fileEncoding = 4; lastKnownFileType = sourcecode.c.h; path = KNVP8Encoder.h; sourceTree = "<group>"; };
		1DFF390117A3F0A700AEAA41 /* KNVP8Encoder.m */ = {isa = PBXFileReference; fileEncoding = 4; lastKnownFileType = sourcecode.c.objc; path = KNVP8Encoder.m; sourceTree = "<group>"; };
		1DFF390317A3FD6B00AEAA41 /* MediaManager2.h */ = {isa = PBXFileReference; fileEncoding = 4; lastKnownFileType = sourcecode.c.h; path = MediaManager2.h; sourceTree = "<group>"; };
		1DFF390417A3FD6B00AEAA41 /* MediaManager2.m */ = {isa = PBXFileReference; fileEncoding = 4; lastKnownFileType = sourcecode.c.objc; path = MediaManager2.m; sourceTree = "<group>"; };
		1DFF390617A3FDE500AEAA41 /* MediaVideoParam.h */ = {isa = PBXFileReference; fileEncoding = 4; lastKnownFileType = sourcecode.c.h; path = MediaVideoParam.h; sourceTree = "<group>"; };
		1DFF390717A3FDE500AEAA41 /* MediaVideoParam.m */ = {isa = PBXFileReference; fileEncoding = 4; lastKnownFileType = sourcecode.c.objc; path = MediaVideoParam.m; sourceTree = "<group>"; };
		1DFF391F17A4408600AEAA41 /* KNVP8Decoder.h */ = {isa = PBXFileReference; fileEncoding = 4; lastKnownFileType = sourcecode.c.h; path = KNVP8Decoder.h; sourceTree = "<group>"; };
		1DFF392017A4408600AEAA41 /* KNVP8Decoder.m */ = {isa = PBXFileReference; fileEncoding = 4; lastKnownFileType = sourcecode.c.objc; path = KNVP8Decoder.m; sourceTree = "<group>"; };
		BE1E123517585691009BAE3A /* libMediaManager.a */ = {isa = PBXFileReference; explicitFileType = archive.ar; includeInIndex = 0; path = libMediaManager.a; sourceTree = BUILT_PRODUCTS_DIR; };
		BE1E123817585691009BAE3A /* Foundation.framework */ = {isa = PBXFileReference; lastKnownFileType = wrapper.framework; name = Foundation.framework; path = System/Library/Frameworks/Foundation.framework; sourceTree = SDKROOT; };
		BE1E123C17585691009BAE3A /* MediaManager-Prefix.pch */ = {isa = PBXFileReference; lastKnownFileType = sourcecode.c.h; path = "MediaManager-Prefix.pch"; sourceTree = "<group>"; };
		BE1E123D17585691009BAE3A /* MediaManager.h */ = {isa = PBXFileReference; lastKnownFileType = sourcecode.c.h; path = MediaManager.h; sourceTree = "<group>"; };
		BE1E123F17585691009BAE3A /* MediaManager.m */ = {isa = PBXFileReference; lastKnownFileType = sourcecode.c.objc; path = MediaManager.m; sourceTree = "<group>"; };
		BE1E1246175856D3009BAE3A /* CoreAudio.framework */ = {isa = PBXFileReference; lastKnownFileType = wrapper.framework; name = CoreAudio.framework; path = System/Library/Frameworks/CoreAudio.framework; sourceTree = SDKROOT; };
		BE1E1247175856D3009BAE3A /* CoreMedia.framework */ = {isa = PBXFileReference; lastKnownFileType = wrapper.framework; name = CoreMedia.framework; path = System/Library/Frameworks/CoreMedia.framework; sourceTree = SDKROOT; };
		BE1E1248175856D3009BAE3A /* CoreVideo.framework */ = {isa = PBXFileReference; lastKnownFileType = wrapper.framework; name = CoreVideo.framework; path = System/Library/Frameworks/CoreVideo.framework; sourceTree = SDKROOT; };
		BE1E124C175856DD009BAE3A /* AudioToolbox.framework */ = {isa = PBXFileReference; lastKnownFileType = wrapper.framework; name = AudioToolbox.framework; path = System/Library/Frameworks/AudioToolbox.framework; sourceTree = SDKROOT; };
		BE1E124E175856E0009BAE3A /* AVFoundation.framework */ = {isa = PBXFileReference; lastKnownFileType = wrapper.framework; name = AVFoundation.framework; path = System/Library/Frameworks/AVFoundation.framework; sourceTree = SDKROOT; };
		BE1E1250175856E5009BAE3A /* OpenGLES.framework */ = {isa = PBXFileReference; lastKnownFileType = wrapper.framework; name = OpenGLES.framework; path = System/Library/Frameworks/OpenGLES.framework; sourceTree = SDKROOT; };
		BE1E1252175856EE009BAE3A /* libresolv.dylib */ = {isa = PBXFileReference; lastKnownFileType = "compiled.mach-o.dylib"; name = libresolv.dylib; path = usr/lib/libresolv.dylib; sourceTree = SDKROOT; };
		BE1E1254175856F3009BAE3A /* libz.1.1.3.dylib */ = {isa = PBXFileReference; lastKnownFileType = "compiled.mach-o.dylib"; name = libz.1.1.3.dylib; path = usr/lib/libz.1.1.3.dylib; sourceTree = SDKROOT; };
		BE1E125817585724009BAE3A /* KNAudioManager.h */ = {isa = PBXFileReference; lastKnownFileType = sourcecode.c.h; path = KNAudioManager.h; sourceTree = "<group>"; };
		BE1E125917585724009BAE3A /* KNAudioManager.m */ = {isa = PBXFileReference; lastKnownFileType = sourcecode.c.objc; path = KNAudioManager.m; sourceTree = "<group>"; };
		BE1E125B17585724009BAE3A /* KNFFmpegDecoder.h */ = {isa = PBXFileReference; lastKnownFileType = sourcecode.c.h; path = KNFFmpegDecoder.h; sourceTree = "<group>"; };
		BE1E125C17585724009BAE3A /* KNFFmpegDecoder.m */ = {isa = PBXFileReference; lastKnownFileType = sourcecode.c.objc; path = KNFFmpegDecoder.m; sourceTree = "<group>"; };
		BE1E125D17585724009BAE3A /* KNFFMpegX264Encoder.h */ = {isa = PBXFileReference; lastKnownFileType = sourcecode.c.h; path = KNFFMpegX264Encoder.h; sourceTree = "<group>"; };
		BE1E125E17585724009BAE3A /* KNFFMpegX264Encoder.m */ = {isa = PBXFileReference; lastKnownFileType = sourcecode.c.objc; path = KNFFMpegX264Encoder.m; sourceTree = "<group>"; };
		BE1E126117585724009BAE3A /* KNSpeexCodec.h */ = {isa = PBXFileReference; lastKnownFileType = sourcecode.c.h; path = KNSpeexCodec.h; sourceTree = "<group>"; };
		BE1E126217585724009BAE3A /* KNSpeexCodec.m */ = {isa = PBXFileReference; lastKnownFileType = sourcecode.c.objc; path = KNSpeexCodec.m; sourceTree = "<group>"; };
		BE1E126417585724009BAE3A /* KNAudioRingQueue.h */ = {isa = PBXFileReference; lastKnownFileType = sourcecode.c.h; path = KNAudioRingQueue.h; sourceTree = "<group>"; };
		BE1E126517585724009BAE3A /* KNAudioRingQueue.m */ = {isa = PBXFileReference; lastKnownFileType = sourcecode.c.objc; path = KNAudioRingQueue.m; sourceTree = "<group>"; };
		BE1E126B17585724009BAE3A /* iOSGLView.h */ = {isa = PBXFileReference; lastKnownFileType = sourcecode.c.h; path = iOSGLView.h; sourceTree = "<group>"; };
		BE1E126C17585724009BAE3A /* iOSGLView.mm */ = {isa = PBXFileReference; lastKnownFileType = sourcecode.cpp.objcpp; path = iOSGLView.mm; sourceTree = "<group>"; };
		BE1E126D17585724009BAE3A /* KNGLView.h */ = {isa = PBXFileReference; lastKnownFileType = sourcecode.c.h; path = KNGLView.h; sourceTree = "<group>"; };
		BE1E126E17585724009BAE3A /* KNGLView.m */ = {isa = PBXFileReference; lastKnownFileType = sourcecode.c.objc; path = KNGLView.m; sourceTree = "<group>"; };
		BE1E126F17585724009BAE3A /* KNImageConvert.h */ = {isa = PBXFileReference; lastKnownFileType = sourcecode.c.h; path = KNImageConvert.h; sourceTree = "<group>"; };
		BE1E127017585724009BAE3A /* KNImageConvert.m */ = {isa = PBXFileReference; lastKnownFileType = sourcecode.c.objc; path = KNImageConvert.m; sourceTree = "<group>"; };
		BE1E127117585724009BAE3A /* KNVideoManager.h */ = {isa = PBXFileReference; lastKnownFileType = sourcecode.c.h; path = KNVideoManager.h; sourceTree = "<group>"; };
		BE1E127217585724009BAE3A /* KNVideoManager.m */ = {isa = PBXFileReference; lastKnownFileType = sourcecode.c.objc; path = KNVideoManager.m; sourceTree = "<group>"; };
		BE1E12FA17585966009BAE3A /* CoreGraphics.framework */ = {isa = PBXFileReference; lastKnownFileType = wrapper.framework; name = CoreGraphics.framework; path = System/Library/Frameworks/CoreGraphics.framework; sourceTree = SDKROOT; };
		BE1E12FC1758596C009BAE3A /* UIKit.framework */ = {isa = PBXFileReference; lastKnownFileType = wrapper.framework; name = UIKit.framework; path = System/Library/Frameworks/UIKit.framework; sourceTree = SDKROOT; };
		BE1E135717586CDB009BAE3A /* Accelerate.framework */ = {isa = PBXFileReference; lastKnownFileType = wrapper.framework; name = Accelerate.framework; path = System/Library/Frameworks/Accelerate.framework; sourceTree = SDKROOT; };
		BE1E135917586CE0009BAE3A /* CoreImage.framework */ = {isa = PBXFileReference; lastKnownFileType = wrapper.framework; name = CoreImage.framework; path = System/Library/Frameworks/CoreImage.framework; sourceTree = SDKROOT; };
		BE1E136A17586D03009BAE3A /* libstdc++.6.0.9.dylib */ = {isa = PBXFileReference; lastKnownFileType = "compiled.mach-o.dylib"; name = "libstdc++.6.0.9.dylib"; path = "usr/lib/libstdc++.6.0.9.dylib"; sourceTree = SDKROOT; };
		BE1E136C17586D51009BAE3A /* QuartzCore.framework */ = {isa = PBXFileReference; lastKnownFileType = wrapper.framework; name = QuartzCore.framework; path = System/Library/Frameworks/QuartzCore.framework; sourceTree = SDKROOT; };
/* End PBXFileReference section */

/* Begin PBXFrameworksBuildPhase section */
		BE1E123217585691009BAE3A /* Frameworks */ = {
			isa = PBXFrameworksBuildPhase;
			buildActionMask = 2147483647;
			files = (
				BE1E136D17586D51009BAE3A /* QuartzCore.framework in Frameworks */,
				BE1E136B17586D03009BAE3A /* libstdc++.6.0.9.dylib in Frameworks */,
				BE1E135A17586CE0009BAE3A /* CoreImage.framework in Frameworks */,
				BE1E135817586CDB009BAE3A /* Accelerate.framework in Frameworks */,
				BE1E12FD1758596C009BAE3A /* UIKit.framework in Frameworks */,
				BE1E12FB17585967009BAE3A /* CoreGraphics.framework in Frameworks */,
				BE1E1255175856F3009BAE3A /* libz.1.1.3.dylib in Frameworks */,
				BE1E1253175856EE009BAE3A /* libresolv.dylib in Frameworks */,
				BE1E1251175856E5009BAE3A /* OpenGLES.framework in Frameworks */,
				BE1E124F175856E0009BAE3A /* AVFoundation.framework in Frameworks */,
				BE1E124D175856DD009BAE3A /* AudioToolbox.framework in Frameworks */,
				BE1E1249175856D3009BAE3A /* CoreAudio.framework in Frameworks */,
				BE1E124A175856D3009BAE3A /* CoreMedia.framework in Frameworks */,
				BE1E124B175856D3009BAE3A /* CoreVideo.framework in Frameworks */,
				BE1E123917585691009BAE3A /* Foundation.framework in Frameworks */,
				1DFBFAE917A51C22008B8BD3 /* libavcodec.a in Frameworks */,
				1DFBFAEA17A51C22008B8BD3 /* libavdevice.a in Frameworks */,
				1DFBFAEB17A51C22008B8BD3 /* libavfilter.a in Frameworks */,
				1DFBFAEC17A51C22008B8BD3 /* libavformat.a in Frameworks */,
				1DFBFAED17A51C22008B8BD3 /* libavutil.a in Frameworks */,
				1DFBFAEE17A51C22008B8BD3 /* libogg.a in Frameworks */,
				1DFBFAEF17A51C22008B8BD3 /* libopus.a in Frameworks */,
				1DFBFAF017A51C22008B8BD3 /* libspeex.a in Frameworks */,
				1DFBFAF117A51C22008B8BD3 /* libspeexdsp.a in Frameworks */,
				1DFBFAF217A51C22008B8BD3 /* libswresample.a in Frameworks */,
				1DFBFAF317A51C22008B8BD3 /* libswscale.a in Frameworks */,
				1DFBFAF417A51C22008B8BD3 /* libtheora.a in Frameworks */,
				1DFBFAF517A51C22008B8BD3 /* libtheoradec.a in Frameworks */,
				1DFBFAF617A51C22008B8BD3 /* libtheoraenc.a in Frameworks */,
				1DFBFAF717A51C22008B8BD3 /* libvpx.a in Frameworks */,
				1DFBFAF817A51C22008B8BD3 /* libx264.a in Frameworks */,
				1DFBFAF917A51C22008B8BD3 /* libyuv.a in Frameworks */,
			);
			runOnlyForDeploymentPostprocessing = 0;
		};
/* End PBXFrameworksBuildPhase section */

/* Begin PBXGroup section */
		1D4CD1FD1766B1EC0063E53F /* rtp */ = {
			isa = PBXGroup;
			children = (
				1D4CD1FE1766B1FC0063E53F /* KNRtp.h */,
				1D4CD1FF1766B1FC0063E53F /* KNRtp.m */,
			);
			path = rtp;
			sourceTree = "<group>";
		};
		1DFBFA4A17A51C22008B8BD3 /* external */ = {
			isa = PBXGroup;
			children = (
				1DFBFA4B17A51C22008B8BD3 /* include */,
				1DFBFAD717A51C22008B8BD3 /* lib */,
			);
			path = external;
			sourceTree = "<group>";
		};
		1DFBFA4B17A51C22008B8BD3 /* include */ = {
			isa = PBXGroup;
			children = (
				1DFBFA4C17A51C22008B8BD3 /* libavcodec */,
				1DFBFA5717A51C22008B8BD3 /* libavdevice */,
				1DFBFA5A17A51C22008B8BD3 /* libavfilter */,
				1DFBFA6217A51C22008B8BD3 /* libavformat */,
				1DFBFA6617A51C22008B8BD3 /* libavutil */,
				1DFBFA9417A51C22008B8BD3 /* libswresample */,
				1DFBFA9617A51C22008B8BD3 /* libswscale */,
				1DFBFA9917A51C22008B8BD3 /* libyuv */,
				1DFBFAAB17A51C22008B8BD3 /* ogg */,
				1DFBFAAF17A51C22008B8BD3 /* opus */,
				1DFBFAB517A51C22008B8BD3 /* speex */,
				1DFBFAC217A51C22008B8BD3 /* theora */,
				1DFBFAC717A51C22008B8BD3 /* vpx */,
				1DFBFAD417A51C22008B8BD3 /* x264 */,
			);
			path = include;
			sourceTree = "<group>";
		};
		1DFBFA4C17A51C22008B8BD3 /* libavcodec */ = {
			isa = PBXGroup;
			children = (
				1DFBFA4D17A51C22008B8BD3 /* avcodec.h */,
				1DFBFA4E17A51C22008B8BD3 /* avfft.h */,
				1DFBFA4F17A51C22008B8BD3 /* dxva2.h */,
				1DFBFA5017A51C22008B8BD3 /* old_codec_ids.h */,
				1DFBFA5117A51C22008B8BD3 /* opt.h */,
				1DFBFA5217A51C22008B8BD3 /* vaapi.h */,
				1DFBFA5317A51C22008B8BD3 /* vda.h */,
				1DFBFA5417A51C22008B8BD3 /* vdpau.h */,
				1DFBFA5517A51C22008B8BD3 /* version.h */,
				1DFBFA5617A51C22008B8BD3 /* xvmc.h */,
			);
			path = libavcodec;
			sourceTree = "<group>";
		};
		1DFBFA5717A51C22008B8BD3 /* libavdevice */ = {
			isa = PBXGroup;
			children = (
				1DFBFA5817A51C22008B8BD3 /* avdevice.h */,
				1DFBFA5917A51C22008B8BD3 /* version.h */,
			);
			path = libavdevice;
			sourceTree = "<group>";
		};
		1DFBFA5A17A51C22008B8BD3 /* libavfilter */ = {
			isa = PBXGroup;
			children = (
				1DFBFA5B17A51C22008B8BD3 /* asrc_abuffer.h */,
				1DFBFA5C17A51C22008B8BD3 /* avcodec.h */,
				1DFBFA5D17A51C22008B8BD3 /* avfilter.h */,
				1DFBFA5E17A51C22008B8BD3 /* avfiltergraph.h */,
				1DFBFA5F17A51C22008B8BD3 /* buffersink.h */,
				1DFBFA6017A51C22008B8BD3 /* buffersrc.h */,
				1DFBFA6117A51C22008B8BD3 /* version.h */,
			);
			path = libavfilter;
			sourceTree = "<group>";
		};
		1DFBFA6217A51C22008B8BD3 /* libavformat */ = {
			isa = PBXGroup;
			children = (
				1DFBFA6317A51C22008B8BD3 /* avformat.h */,
				1DFBFA6417A51C22008B8BD3 /* avio.h */,
				1DFBFA6517A51C22008B8BD3 /* version.h */,
			);
			path = libavformat;
			sourceTree = "<group>";
		};
		1DFBFA6617A51C22008B8BD3 /* libavutil */ = {
			isa = PBXGroup;
			children = (
				1DFBFA6717A51C22008B8BD3 /* adler32.h */,
				1DFBFA6817A51C22008B8BD3 /* aes.h */,
				1DFBFA6917A51C22008B8BD3 /* attributes.h */,
				1DFBFA6A17A51C22008B8BD3 /* audio_fifo.h */,
				1DFBFA6B17A51C22008B8BD3 /* audioconvert.h */,
				1DFBFA6C17A51C22008B8BD3 /* avassert.h */,
				1DFBFA6D17A51C22008B8BD3 /* avconfig.h */,
				1DFBFA6E17A51C22008B8BD3 /* avstring.h */,
				1DFBFA6F17A51C22008B8BD3 /* avutil.h */,
				1DFBFA7017A51C22008B8BD3 /* base64.h */,
				1DFBFA7117A51C22008B8BD3 /* blowfish.h */,
				1DFBFA7217A51C22008B8BD3 /* bprint.h */,
				1DFBFA7317A51C22008B8BD3 /* bswap.h */,
				1DFBFA7417A51C22008B8BD3 /* common.h */,
				1DFBFA7517A51C22008B8BD3 /* cpu.h */,
				1DFBFA7617A51C22008B8BD3 /* crc.h */,
				1DFBFA7717A51C22008B8BD3 /* dict.h */,
				1DFBFA7817A51C22008B8BD3 /* error.h */,
				1DFBFA7917A51C22008B8BD3 /* eval.h */,
				1DFBFA7A17A51C22008B8BD3 /* fifo.h */,
				1DFBFA7B17A51C22008B8BD3 /* file.h */,
				1DFBFA7C17A51C22008B8BD3 /* imgutils.h */,
				1DFBFA7D17A51C22008B8BD3 /* intfloat.h */,
				1DFBFA7E17A51C22008B8BD3 /* intfloat_readwrite.h */,
				1DFBFA7F17A51C22008B8BD3 /* intreadwrite.h */,
				1DFBFA8017A51C22008B8BD3 /* lfg.h */,
				1DFBFA8117A51C22008B8BD3 /* log.h */,
				1DFBFA8217A51C22008B8BD3 /* lzo.h */,
				1DFBFA8317A51C22008B8BD3 /* mathematics.h */,
				1DFBFA8417A51C22008B8BD3 /* md5.h */,
				1DFBFA8517A51C22008B8BD3 /* mem.h */,
				1DFBFA8617A51C22008B8BD3 /* opt.h */,
				1DFBFA8717A51C22008B8BD3 /* parseutils.h */,
				1DFBFA8817A51C22008B8BD3 /* pixdesc.h */,
				1DFBFA8917A51C22008B8BD3 /* pixfmt.h */,
				1DFBFA8A17A51C22008B8BD3 /* random_seed.h */,
				1DFBFA8B17A51C22008B8BD3 /* rational.h */,
				1DFBFA8C17A51C22008B8BD3 /* samplefmt.h */,
				1DFBFA8D17A51C22008B8BD3 /* sha.h */,
				1DFBFA8E17A51C22008B8BD3 /* sha1.h */,
				1DFBFA8F17A51C22008B8BD3 /* time.h */,
				1DFBFA9017A51C22008B8BD3 /* timecode.h */,
				1DFBFA9117A51C22008B8BD3 /* timestamp.h */,
				1DFBFA9217A51C22008B8BD3 /* version.h */,
				1DFBFA9317A51C22008B8BD3 /* xtea.h */,
			);
			path = libavutil;
			sourceTree = "<group>";
		};
		1DFBFA9417A51C22008B8BD3 /* libswresample */ = {
			isa = PBXGroup;
			children = (
				1DFBFA9517A51C22008B8BD3 /* swresample.h */,
			);
			path = libswresample;
			sourceTree = "<group>";
		};
		1DFBFA9617A51C22008B8BD3 /* libswscale */ = {
			isa = PBXGroup;
			children = (
				1DFBFA9717A51C22008B8BD3 /* swscale.h */,
				1DFBFA9817A51C22008B8BD3 /* version.h */,
			);
			path = libswscale;
			sourceTree = "<group>";
		};
		1DFBFA9917A51C22008B8BD3 /* libyuv */ = {
			isa = PBXGroup;
			children = (
				1DFBFA9A17A51C22008B8BD3 /* libyuv */,
				1DFBFAAA17A51C22008B8BD3 /* libyuv.h */,
			);
			path = libyuv;
			sourceTree = "<group>";
		};
		1DFBFA9A17A51C22008B8BD3 /* libyuv */ = {
			isa = PBXGroup;
			children = (
				1DFBFA9B17A51C22008B8BD3 /* basic_types.h */,
				1DFBFA9C17A51C22008B8BD3 /* compare.h */,
				1DFBFA9D17A51C22008B8BD3 /* convert.h */,
				1DFBFA9E17A51C22008B8BD3 /* convert_argb.h */,
				1DFBFA9F17A51C22008B8BD3 /* convert_from.h */,
				1DFBFAA017A51C22008B8BD3 /* cpu_id.h */,
				1DFBFAA117A51C22008B8BD3 /* format_conversion.h */,
				1DFBFAA217A51C22008B8BD3 /* mjpeg_decoder.h */,
				1DFBFAA317A51C22008B8BD3 /* planar_functions.h */,
				1DFBFAA417A51C22008B8BD3 /* rotate.h */,
				1DFBFAA517A51C22008B8BD3 /* rotate_argb.h */,
				1DFBFAA617A51C22008B8BD3 /* scale.h */,
				1DFBFAA717A51C22008B8BD3 /* scale_argb.h */,
				1DFBFAA817A51C22008B8BD3 /* version.h */,
				1DFBFAA917A51C22008B8BD3 /* video_common.h */,
			);
			path = libyuv;
			sourceTree = "<group>";
		};
		1DFBFAAB17A51C22008B8BD3 /* ogg */ = {
			isa = PBXGroup;
			children = (
				1DFBFAAC17A51C22008B8BD3 /* config_types.h */,
				1DFBFAAD17A51C22008B8BD3 /* ogg.h */,
				1DFBFAAE17A51C22008B8BD3 /* os_types.h */,
			);
			path = ogg;
			sourceTree = "<group>";
		};
		1DFBFAAF17A51C22008B8BD3 /* opus */ = {
			isa = PBXGroup;
			children = (
				1DFBFAB017A51C22008B8BD3 /* opus.h */,
				1DFBFAB117A51C22008B8BD3 /* opus_custom.h */,
				1DFBFAB217A51C22008B8BD3 /* opus_defines.h */,
				1DFBFAB317A51C22008B8BD3 /* opus_multistream.h */,
				1DFBFAB417A51C22008B8BD3 /* opus_types.h */,
			);
			path = opus;
			sourceTree = "<group>";
		};
		1DFBFAB517A51C22008B8BD3 /* speex */ = {
			isa = PBXGroup;
			children = (
				1DFBFAB617A51C22008B8BD3 /* speex */,
				1DFBFAC117A51C22008B8BD3 /* speex.h */,
			);
			path = speex;
			sourceTree = "<group>";
		};
		1DFBFAB617A51C22008B8BD3 /* speex */ = {
			isa = PBXGroup;
			children = (
				1DFBFAB717A51C22008B8BD3 /* speex_bits.h */,
				1DFBFAB817A51C22008B8BD3 /* speex_buffer.h */,
				1DFBFAB917A51C22008B8BD3 /* speex_callbacks.h */,
				1DFBFABA17A51C22008B8BD3 /* speex_echo.h */,
				1DFBFABB17A51C22008B8BD3 /* speex_header.h */,
				1DFBFABC17A51C22008B8BD3 /* speex_jitter.h */,
				1DFBFABD17A51C22008B8BD3 /* speex_preprocess.h */,
				1DFBFABE17A51C22008B8BD3 /* speex_resampler.h */,
				1DFBFABF17A51C22008B8BD3 /* speex_stereo.h */,
				1DFBFAC017A51C22008B8BD3 /* speex_types.h */,
			);
			path = speex;
			sourceTree = "<group>";
		};
		1DFBFAC217A51C22008B8BD3 /* theora */ = {
			isa = PBXGroup;
			children = (
				1DFBFAC317A51C22008B8BD3 /* codec.h */,
				1DFBFAC417A51C22008B8BD3 /* theora.h */,
				1DFBFAC517A51C22008B8BD3 /* theoradec.h */,
				1DFBFAC617A51C22008B8BD3 /* theoraenc.h */,
			);
			path = theora;
			sourceTree = "<group>";
		};
		1DFBFAC717A51C22008B8BD3 /* vpx */ = {
			isa = PBXGroup;
			children = (
				1DFBFAC817A51C22008B8BD3 /* vp8.h */,
				1DFBFAC917A51C22008B8BD3 /* vp8cx.h */,
				1DFBFACA17A51C22008B8BD3 /* vp8dx.h */,
				1DFBFACB17A51C22008B8BD3 /* vp8e.h */,
				1DFBFACC17A51C22008B8BD3 /* vpx_codec.h */,
				1DFBFACD17A51C22008B8BD3 /* vpx_codec_impl_bottom.h */,
				1DFBFACE17A51C22008B8BD3 /* vpx_codec_impl_top.h */,
				1DFBFACF17A51C22008B8BD3 /* vpx_decoder.h */,
				1DFBFAD017A51C22008B8BD3 /* vpx_decoder_compat.h */,
				1DFBFAD117A51C22008B8BD3 /* vpx_encoder.h */,
				1DFBFAD217A51C22008B8BD3 /* vpx_image.h */,
				1DFBFAD317A51C22008B8BD3 /* vpx_integer.h */,
			);
			path = vpx;
			sourceTree = "<group>";
		};
		1DFBFAD417A51C22008B8BD3 /* x264 */ = {
			isa = PBXGroup;
			children = (
				1DFBFAD517A51C22008B8BD3 /* x264.h */,
				1DFBFAD617A51C22008B8BD3 /* x264_config.h */,
			);
			path = x264;
			sourceTree = "<group>";
		};
		1DFBFAD717A51C22008B8BD3 /* lib */ = {
			isa = PBXGroup;
			children = (
				1DFBFAD817A51C22008B8BD3 /* libavcodec.a */,
				1DFBFAD917A51C22008B8BD3 /* libavdevice.a */,
				1DFBFADA17A51C22008B8BD3 /* libavfilter.a */,
				1DFBFADB17A51C22008B8BD3 /* libavformat.a */,
				1DFBFADC17A51C22008B8BD3 /* libavutil.a */,
				1DFBFADD17A51C22008B8BD3 /* libogg.a */,
				1DFBFADE17A51C22008B8BD3 /* libopus.a */,
				1DFBFADF17A51C22008B8BD3 /* libspeex.a */,
				1DFBFAE017A51C22008B8BD3 /* libspeexdsp.a */,
				1DFBFAE117A51C22008B8BD3 /* libswresample.a */,
				1DFBFAE217A51C22008B8BD3 /* libswscale.a */,
				1DFBFAE317A51C22008B8BD3 /* libtheora.a */,
				1DFBFAE417A51C22008B8BD3 /* libtheoradec.a */,
				1DFBFAE517A51C22008B8BD3 /* libtheoraenc.a */,
				1DFBFAE617A51C22008B8BD3 /* libvpx.a */,
				1DFBFAE717A51C22008B8BD3 /* libx264.a */,
				1DFBFAE817A51C22008B8BD3 /* libyuv.a */,
			);
			path = lib;
			sourceTree = "<group>";
		};
		BE1E122C17585691009BAE3A = {
			isa = PBXGroup;
			children = (
				1DFBFA4A17A51C22008B8BD3 /* external */,
				BE1E125617585724009BAE3A /* corelibs */,
				BE1E123A17585691009BAE3A /* MediaManager */,
				BE1E123717585691009BAE3A /* Frameworks */,
				BE1E123617585691009BAE3A /* Products */,
			);
			sourceTree = "<group>";
		};
		BE1E123617585691009BAE3A /* Products */ = {
			isa = PBXGroup;
			children = (
				BE1E123517585691009BAE3A /* libMediaManager.a */,
			);
			name = Products;
			sourceTree = "<group>";
		};
		BE1E123717585691009BAE3A /* Frameworks */ = {
			isa = PBXGroup;
			children = (
				BE1E136C17586D51009BAE3A /* QuartzCore.framework */,
				BE1E136A17586D03009BAE3A /* libstdc++.6.0.9.dylib */,
				BE1E135917586CE0009BAE3A /* CoreImage.framework */,
				BE1E135717586CDB009BAE3A /* Accelerate.framework */,
				BE1E12FC1758596C009BAE3A /* UIKit.framework */,
				BE1E12FA17585966009BAE3A /* CoreGraphics.framework */,
				BE1E1254175856F3009BAE3A /* libz.1.1.3.dylib */,
				BE1E1252175856EE009BAE3A /* libresolv.dylib */,
				BE1E1250175856E5009BAE3A /* OpenGLES.framework */,
				BE1E124E175856E0009BAE3A /* AVFoundation.framework */,
				BE1E124C175856DD009BAE3A /* AudioToolbox.framework */,
				BE1E1246175856D3009BAE3A /* CoreAudio.framework */,
				BE1E1247175856D3009BAE3A /* CoreMedia.framework */,
				BE1E1248175856D3009BAE3A /* CoreVideo.framework */,
				BE1E123817585691009BAE3A /* Foundation.framework */,
			);
			name = Frameworks;
			sourceTree = "<group>";
		};
		BE1E123A17585691009BAE3A /* MediaManager */ = {
			isa = PBXGroup;
			children = (
				BE1E123D17585691009BAE3A /* MediaManager.h */,
				BE1E123F17585691009BAE3A /* MediaManager.m */,
				1DFF390317A3FD6B00AEAA41 /* MediaManager2.h */,
				1DFF390417A3FD6B00AEAA41 /* MediaManager2.m */,
				1DFF390617A3FDE500AEAA41 /* MediaVideoParam.h */,
				1DFF390717A3FDE500AEAA41 /* MediaVideoParam.m */,
				1DFBFB0017A52A28008B8BD3 /* MediaAudioParam.h */,
				1DFBFB0117A52A28008B8BD3 /* MediaAudioParam.m */,
				BE1E123B17585691009BAE3A /* Supporting Files */,
			);
			path = MediaManager;
			sourceTree = "<group>";
		};
		BE1E123B17585691009BAE3A /* Supporting Files */ = {
			isa = PBXGroup;
			children = (
				BE1E123C17585691009BAE3A /* MediaManager-Prefix.pch */,
			);
			name = "Supporting Files";
			sourceTree = "<group>";
		};
		BE1E125617585724009BAE3A /* corelibs */ = {
			isa = PBXGroup;
			children = (
				1D4CD2011766C4B80063E53F /* Global.h */,
				1D4CD1FD1766B1EC0063E53F /* rtp */,
				BE1E125717585724009BAE3A /* audio */,
				BE1E125A17585724009BAE3A /* codec */,
				BE1E126317585724009BAE3A /* utils */,
				BE1E126617585724009BAE3A /* video */,
			);
			path = corelibs;
			sourceTree = "<group>";
		};
		BE1E125717585724009BAE3A /* audio */ = {
			isa = PBXGroup;
			children = (
				BE1E125817585724009BAE3A /* KNAudioManager.h */,
				BE1E125917585724009BAE3A /* KNAudioManager.m */,
			);
			path = audio;
			sourceTree = "<group>";
		};
		BE1E125A17585724009BAE3A /* codec */ = {
			isa = PBXGroup;
			children = (
				BE1E125B17585724009BAE3A /* KNFFmpegDecoder.h */,
				BE1E125C17585724009BAE3A /* KNFFmpegDecoder.m */,
				BE1E125D17585724009BAE3A /* KNFFMpegX264Encoder.h */,
				BE1E125E17585724009BAE3A /* KNFFMpegX264Encoder.m */,
				BE1E126117585724009BAE3A /* KNSpeexCodec.h */,
				BE1E126217585724009BAE3A /* KNSpeexCodec.m */,
				1DDA6CE01761F700006A8FDD /* KNX264Encoder.h */,
				1DDA6CE11761F701006A8FDD /* KNX264Encoder.m */,
				1DFF390017A3F0A700AEAA41 /* KNVP8Encoder.h */,
				1DFF390117A3F0A700AEAA41 /* KNVP8Encoder.m */,
				1DFF391F17A4408600AEAA41 /* KNVP8Decoder.h */,
				1DFF392017A4408600AEAA41 /* KNVP8Decoder.m */,
				1DFBFAFA17A51C61008B8BD3 /* KNOpusEncoder.h */,
				1DFBFAFB17A51C61008B8BD3 /* KNOpusEncoder.m */,
				1DFBFAFD17A524C2008B8BD3 /* KNOpusDecoder.h */,
				1DFBFAFE17A524C2008B8BD3 /* KNOpusDecoder.m */,
			);
			path = codec;
			sourceTree = "<group>";
		};
		BE1E126317585724009BAE3A /* utils */ = {
			isa = PBXGroup;
			children = (
				BE1E126417585724009BAE3A /* KNAudioRingQueue.h */,
				BE1E126517585724009BAE3A /* KNAudioRingQueue.m */,
			);
			path = utils;
			sourceTree = "<group>";
		};
		BE1E126617585724009BAE3A /* video */ = {
			isa = PBXGroup;
			children = (
				BE1E126B17585724009BAE3A /* iOSGLView.h */,
				BE1E126C17585724009BAE3A /* iOSGLView.mm */,
				BE1E126D17585724009BAE3A /* KNGLView.h */,
				BE1E126E17585724009BAE3A /* KNGLView.m */,
				BE1E126F17585724009BAE3A /* KNImageConvert.h */,
				BE1E127017585724009BAE3A /* KNImageConvert.m */,
				BE1E127117585724009BAE3A /* KNVideoManager.h */,
				BE1E127217585724009BAE3A /* KNVideoManager.m */,
			);
			path = video;
			sourceTree = "<group>";
		};
/* End PBXGroup section */

/* Begin PBXNativeTarget section */
		BE1E123417585691009BAE3A /* MediaManager */ = {
			isa = PBXNativeTarget;
			buildConfigurationList = BE1E124317585691009BAE3A /* Build configuration list for PBXNativeTarget "MediaManager" */;
			buildPhases = (
				BE1E123117585691009BAE3A /* Sources */,
				BE1E123217585691009BAE3A /* Frameworks */,
				BE1E123317585691009BAE3A /* CopyFiles */,
				BE1E130A175869E3009BAE3A /* ShellScript */,
			);
			buildRules = (
			);
			dependencies = (
			);
			name = MediaManager;
			productName = MediaManager;
			productReference = BE1E123517585691009BAE3A /* libMediaManager.a */;
			productType = "com.apple.product-type.library.static";
		};
/* End PBXNativeTarget section */

/* Begin PBXProject section */
		BE1E122D17585691009BAE3A /* Project object */ = {
			isa = PBXProject;
			attributes = {
				LastUpgradeCheck = 0510;
				ORGANIZATIONNAME = SH;
			};
			buildConfigurationList = BE1E123017585691009BAE3A /* Build configuration list for PBXProject "MediaManager" */;
			compatibilityVersion = "Xcode 3.2";
			developmentRegion = English;
			hasScannedForEncodings = 0;
			knownRegions = (
				en,
			);
			mainGroup = BE1E122C17585691009BAE3A;
			productRefGroup = BE1E123617585691009BAE3A /* Products */;
			projectDirPath = "";
			projectRoot = "";
			targets = (
				BE1E123417585691009BAE3A /* MediaManager */,
			);
		};
/* End PBXProject section */

/* Begin PBXShellScriptBuildPhase section */
		BE1E130A175869E3009BAE3A /* ShellScript */ = {
			isa = PBXShellScriptBuildPhase;
			buildActionMask = 2147483647;
			files = (
			);
			inputPaths = (
			);
			outputPaths = (
			);
			runOnlyForDeploymentPostprocessing = 0;
			shellPath = /bin/sh;
			shellScript = "cp ./build/Debug-iphoneos/libMediaManager.a ./deploy/lib/\n\ncp ./MediaManager/MediaManager.h ./deploy/include/\ncp ./MediaManager/MediaManager2.h ./deploy/include/\ncp ./MediaManager/MediaVideoParam.h ./deploy/include/\ncp ./MediaManager/MediaAudioParam.h ./deploy/include/\ncp ./corelibs/Global.h ./deploy/include/\n\n\n";
		};
/* End PBXShellScriptBuildPhase section */

/* Begin PBXSourcesBuildPhase section */
		BE1E123117585691009BAE3A /* Sources */ = {
			isa = PBXSourcesBuildPhase;
			buildActionMask = 2147483647;
			files = (
				BE1E12FE1758663C009BAE3A /* KNAudioManager.m in Sources */,
				BE1E12FF1758663C009BAE3A /* KNFFmpegDecoder.m in Sources */,
				BE1E13001758663C009BAE3A /* KNFFMpegX264Encoder.m in Sources */,
				BE1E13021758663C009BAE3A /* KNSpeexCodec.m in Sources */,
				BE1E13031758663C009BAE3A /* KNAudioRingQueue.m in Sources */,
				BE1E13061758663C009BAE3A /* iOSGLView.mm in Sources */,
				BE1E13071758663C009BAE3A /* KNGLView.m in Sources */,
				BE1E13081758663C009BAE3A /* KNImageConvert.m in Sources */,
				BE1E13091758663C009BAE3A /* KNVideoManager.m in Sources */,
				BE1E124017585691009BAE3A /* MediaManager.m in Sources */,
				1DDA6CE21761F701006A8FDD /* KNX264Encoder.m in Sources */,
				1D4CD2001766B1FC0063E53F /* KNRtp.m in Sources */,
				1DFF390217A3F0A700AEAA41 /* KNVP8Encoder.m in Sources */,
				1DFF390517A3FD6B00AEAA41 /* MediaManager2.m in Sources */,
				1DFF390817A3FDE500AEAA41 /* MediaVideoParam.m in Sources */,
				1DFF392117A4408700AEAA41 /* KNVP8Decoder.m in Sources */,
				1DFBFAFC17A51C61008B8BD3 /* KNOpusEncoder.m in Sources */,
				1DFBFAFF17A524C2008B8BD3 /* KNOpusDecoder.m in Sources */,
				1DFBFB0217A52A28008B8BD3 /* MediaAudioParam.m in Sources */,
			);
			runOnlyForDeploymentPostprocessing = 0;
		};
/* End PBXSourcesBuildPhase section */

/* Begin XCBuildConfiguration section */
		BE1E124117585691009BAE3A /* Debug */ = {
			isa = XCBuildConfiguration;
			buildSettings = {
				ALWAYS_SEARCH_USER_PATHS = NO;
				CLANG_CXX_LANGUAGE_STANDARD = "gnu++0x";
				CLANG_CXX_LIBRARY = "libc++";
				CLANG_WARN_CONSTANT_CONVERSION = YES;
				CLANG_WARN_EMPTY_BODY = YES;
				CLANG_WARN_ENUM_CONVERSION = YES;
				CLANG_WARN_INT_CONVERSION = YES;
				CLANG_WARN__DUPLICATE_METHOD_MATCH = YES;
				COPY_PHASE_STRIP = NO;
				GCC_C_LANGUAGE_STANDARD = gnu99;
				GCC_DYNAMIC_NO_PIC = NO;
				GCC_OPTIMIZATION_LEVEL = 0;
				GCC_PREPROCESSOR_DEFINITIONS = (
					"DEBUG=1",
					"$(inherited)",
				);
				GCC_SYMBOLS_PRIVATE_EXTERN = NO;
				GCC_WARN_ABOUT_RETURN_TYPE = YES;
				GCC_WARN_UNINITIALIZED_AUTOS = YES;
				GCC_WARN_UNUSED_VARIABLE = YES;
				IPHONEOS_DEPLOYMENT_TARGET = 6.0;
				ONLY_ACTIVE_ARCH = YES;
				SDKROOT = iphoneos;
				VALID_ARCHS = "armv7 armv7s arm64";
			};
			name = Debug;
		};
		BE1E124217585691009BAE3A /* Release */ = {
			isa = XCBuildConfiguration;
			buildSettings = {
				ALWAYS_SEARCH_USER_PATHS = NO;
				CLANG_CXX_LANGUAGE_STANDARD = "gnu++0x";
				CLANG_CXX_LIBRARY = "libc++";
				CLANG_WARN_CONSTANT_CONVERSION = YES;
				CLANG_WARN_EMPTY_BODY = YES;
				CLANG_WARN_ENUM_CONVERSION = YES;
				CLANG_WARN_INT_CONVERSION = YES;
				CLANG_WARN__DUPLICATE_METHOD_MATCH = YES;
				COPY_PHASE_STRIP = YES;
				GCC_C_LANGUAGE_STANDARD = gnu99;
				GCC_WARN_ABOUT_RETURN_TYPE = YES;
				GCC_WARN_UNINITIALIZED_AUTOS = YES;
				GCC_WARN_UNUSED_VARIABLE = YES;
				IPHONEOS_DEPLOYMENT_TARGET = 6.0;
				ONLY_ACTIVE_ARCH = NO;
				SDKROOT = iphoneos;
				VALIDATE_PRODUCT = YES;
				VALID_ARCHS = "armv7 armv7s arm64";
			};
			name = Release;
		};
		BE1E124417585691009BAE3A /* Debug */ = {
			isa = XCBuildConfiguration;
			buildSettings = {
				DSTROOT = /tmp/MediaManager.dst;
				GCC_PRECOMPILE_PREFIX_HEADER = YES;
				GCC_PREFIX_HEADER = "MediaManager/MediaManager-Prefix.pch";
				HEADER_SEARCH_PATHS = (
					./external/include,
					./external/include/speex,
					./external/include/libyuv,
					./external/include/vpx,
					./external/include/opus,
				);
				LIBRARY_SEARCH_PATHS = (
					"$(inherited)",
					"\"$(SRCROOT)/external/lib\"",
				);
				ONLY_ACTIVE_ARCH = NO;
				OTHER_LDFLAGS = "-ObjC";
				PRODUCT_NAME = "$(TARGET_NAME)";
				SKIP_INSTALL = YES;
				VALID_ARCHS = armv7;
			};
			name = Debug;
		};
		BE1E124517585691009BAE3A /* Release */ = {
			isa = XCBuildConfiguration;
			buildSettings = {
				DSTROOT = /tmp/MediaManager.dst;
				GCC_PRECOMPILE_PREFIX_HEADER = YES;
				GCC_PREFIX_HEADER = "MediaManager/MediaManager-Prefix.pch";
				HEADER_SEARCH_PATHS = (
					./external/include,
					./external/include/speex,
					./external/include/libyuv,
					./external/include/vpx,
					./external/include/opus,
				);
				LIBRARY_SEARCH_PATHS = (
					"$(inherited)",
					"\"$(SRCROOT)/external/lib\"",
				);
				ONLY_ACTIVE_ARCH = NO;
				OTHER_LDFLAGS = "-ObjC";
				PRODUCT_NAME = "$(TARGET_NAME)";
				SKIP_INSTALL = YES;
				VALID_ARCHS = armv7;
			};
			name = Release;
		};
/* End XCBuildConfiguration section */

/* Begin XCConfigurationList section */
		BE1E123017585691009BAE3A /* Build configuration list for PBXProject "MediaManager" */ = {
			isa = XCConfigurationList;
			buildConfigurations = (
				BE1E124117585691009BAE3A /* Debug */,
				BE1E124217585691009BAE3A /* Release */,
			);
			defaultConfigurationIsVisible = 0;
			defaultConfigurationName = Release;
		};
		BE1E124317585691009BAE3A /* Build configuration list for PBXNativeTarget "MediaManager" */ = {
			isa = XCConfigurationList;
			buildConfigurations = (
				BE1E124417585691009BAE3A /* Debug */,
				BE1E124517585691009BAE3A /* Release */,
			);
			defaultConfigurationIsVisible = 0;
			defaultConfigurationName = Release;
		};
/* End XCConfigurationList section */
	};
	rootObject = BE1E122D17585691009BAE3A /* Project object */;
}
